// !$*UTF8*$!
{
	archiveVersion = 1;
	classes = {
	};
	objectVersion = 56;
	objects = {

/* Begin PBXBuildFile section */
		220735FC2DCFB08700B29459 /* SportsTests.swift in Sources */ = {isa = PBXBuildFile; fileRef = 220735FB2DCFB08700B29459 /* SportsTests.swift */; };
		220736062DCFB08700B29459 /* SportsUITests.swift in Sources */ = {isa = PBXBuildFile; fileRef = 220736052DCFB08700B29459 /* SportsUITests.swift */; };
		220736082DCFB08700B29459 /* SportsUITestsLaunchTests.swift in Sources */ = {isa = PBXBuildFile; fileRef = 220736072DCFB08700B29459 /* SportsUITestsLaunchTests.swift */; };
		224C8F842DDE454A001D9057 /* CollectionViewCell.swift in Sources */ = {isa = PBXBuildFile; fileRef = 224C8F822DDE454A001D9057 /* CollectionViewCell.swift */; };
		224C8F852DDE454A001D9057 /* CollectionViewCell.xib in Resources */ = {isa = PBXBuildFile; fileRef = 224C8F832DDE454A001D9057 /* CollectionViewCell.xib */; };
		228634912DDD151300D86A73 /* Reachability in Frameworks */ = {isa = PBXBuildFile; productRef = 228634902DDD151300D86A73 /* Reachability */; };
		228730492DDDB86000381103 /* Lottie in Frameworks */ = {isa = PBXBuildFile; productRef = 228730482DDDB86000381103 /* Lottie */; };
		228732142DDE04A200381103 /* Tennis.swift in Sources */ = {isa = PBXBuildFile; fileRef = 228732012DDE04A200381103 /* Tennis.swift */; };
		228732152DDE04A200381103 /* LeaguesDetails.swift in Sources */ = {isa = PBXBuildFile; fileRef = 228732022DDE04A200381103 /* LeaguesDetails.swift */; };
		228732162DDE04A200381103 /* CricketResponse.swift in Sources */ = {isa = PBXBuildFile; fileRef = 228732032DDE04A200381103 /* CricketResponse.swift */; };
		228732172DDE04A200381103 /* BasketballResponse.swift in Sources */ = {isa = PBXBuildFile; fileRef = 228732042DDE04A200381103 /* BasketballResponse.swift */; };
		228732182DDE04A200381103 /* LeaguesResponse.swift in Sources */ = {isa = PBXBuildFile; fileRef = 228732052DDE04A200381103 /* LeaguesResponse.swift */; };
		228732192DDE04A200381103 /* BasketBallDetails.swift in Sources */ = {isa = PBXBuildFile; fileRef = 228732062DDE04A200381103 /* BasketBallDetails.swift */; };
		2287321A2DDE04A200381103 /* TennisResponse.swift in Sources */ = {isa = PBXBuildFile; fileRef = 228732072DDE04A200381103 /* TennisResponse.swift */; };
		2287321B2DDE04A200381103 /* LeaguesDetailsResponse.swift in Sources */ = {isa = PBXBuildFile; fileRef = 228732082DDE04A200381103 /* LeaguesDetailsResponse.swift */; };
		2287321C2DDE04A200381103 /* Team.swift in Sources */ = {isa = PBXBuildFile; fileRef = 228732092DDE04A200381103 /* Team.swift */; };
		2287321D2DDE04A200381103 /* TeamPlayersResponse.swift in Sources */ = {isa = PBXBuildFile; fileRef = 2287320A2DDE04A200381103 /* TeamPlayersResponse.swift */; };
		2287321E2DDE04A200381103 /* Events.swift in Sources */ = {isa = PBXBuildFile; fileRef = 2287320B2DDE04A200381103 /* Events.swift */; };
		2287321F2DDE04A200381103 /* CricketMatchDetails.swift in Sources */ = {isa = PBXBuildFile; fileRef = 2287320C2DDE04A200381103 /* CricketMatchDetails.swift */; };
		228732202DDE04A200381103 /* SportsResponse.swift in Sources */ = {isa = PBXBuildFile; fileRef = 2287320D2DDE04A200381103 /* SportsResponse.swift */; };
		228732212DDE04A200381103 /* Coaches.swift in Sources */ = {isa = PBXBuildFile; fileRef = 2287320E2DDE04A200381103 /* Coaches.swift */; };
		228732222DDE04A200381103 /* League.swift in Sources */ = {isa = PBXBuildFile; fileRef = 2287320F2DDE04A200381103 /* League.swift */; };
		228732232DDE04A200381103 /* NetworkService.swift in Sources */ = {isa = PBXBuildFile; fileRef = 228732112DDE04A200381103 /* NetworkService.swift */; };
		228732242DDE04A200381103 /* MyCoreDataServices.swift in Sources */ = {isa = PBXBuildFile; fileRef = 228732132DDE04A200381103 /* MyCoreDataServices.swift */; };
		228732402DDE04AC00381103 /* TeamCollectionViewCell.swift in Sources */ = {isa = PBXBuildFile; fileRef = 228732262DDE04AC00381103 /* TeamCollectionViewCell.swift */; };
		228732412DDE04AC00381103 /* LeagueTableCell.xib in Resources */ = {isa = PBXBuildFile; fileRef = 228732272DDE04AC00381103 /* LeagueTableCell.xib */; };
		228732422DDE04AC00381103 /* PlayerTableViewCell.xib in Resources */ = {isa = PBXBuildFile; fileRef = 228732282DDE04AC00381103 /* PlayerTableViewCell.xib */; };
		228732432DDE04AC00381103 /* TeamCollectionViewCell.xib in Resources */ = {isa = PBXBuildFile; fileRef = 228732292DDE04AC00381103 /* TeamCollectionViewCell.xib */; };
		228732442DDE04AC00381103 /* SectionHeaderView.swift in Sources */ = {isa = PBXBuildFile; fileRef = 2287322A2DDE04AC00381103 /* SectionHeaderView.swift */; };
		228732452DDE04AC00381103 /* LeagueTableCell.swift in Sources */ = {isa = PBXBuildFile; fileRef = 2287322B2DDE04AC00381103 /* LeagueTableCell.swift */; };
		228732462DDE04AC00381103 /* DetailsCollectionViewCell.swift in Sources */ = {isa = PBXBuildFile; fileRef = 2287322C2DDE04AC00381103 /* DetailsCollectionViewCell.swift */; };
		228732472DDE04AC00381103 /* LaunchScreen.storyboard in Resources */ = {isa = PBXBuildFile; fileRef = 2287322D2DDE04AC00381103 /* LaunchScreen.storyboard */; };
		228732482DDE04AC00381103 /* Main.storyboard in Resources */ = {isa = PBXBuildFile; fileRef = 2287322F2DDE04AC00381103 /* Main.storyboard */; };
		228732492DDE04AC00381103 /* SectionHeaderView.xib in Resources */ = {isa = PBXBuildFile; fileRef = 228732312DDE04AC00381103 /* SectionHeaderView.xib */; };
		2287324A2DDE04AC00381103 /* FavTableViewController.swift in Sources */ = {isa = PBXBuildFile; fileRef = 228732332DDE04AC00381103 /* FavTableViewController.swift */; };
		2287324B2DDE04AC00381103 /* ViewController.swift in Sources */ = {isa = PBXBuildFile; fileRef = 228732342DDE04AC00381103 /* ViewController.swift */; };
		2287324C2DDE04AC00381103 /* FirstOnBoardingViewController.swift in Sources */ = {isa = PBXBuildFile; fileRef = 228732352DDE04AC00381103 /* FirstOnBoardingViewController.swift */; };
		2287324D2DDE04AC00381103 /* SecondOnBoardingViewController.swift in Sources */ = {isa = PBXBuildFile; fileRef = 228732362DDE04AC00381103 /* SecondOnBoardingViewController.swift */; };
		2287324E2DDE04AC00381103 /* ThirdOnBoardingViewController.swift in Sources */ = {isa = PBXBuildFile; fileRef = 228732372DDE04AC00381103 /* ThirdOnBoardingViewController.swift */; };
		2287324F2DDE04AC00381103 /* DetailsCollectionViewController.swift in Sources */ = {isa = PBXBuildFile; fileRef = 228732382DDE04AC00381103 /* DetailsCollectionViewController.swift */; };
		228732502DDE04AC00381103 /* SplashViewController.swift in Sources */ = {isa = PBXBuildFile; fileRef = 228732392DDE04AC00381103 /* SplashViewController.swift */; };
		228732512DDE04AC00381103 /* TeamDetailsViewController.swift in Sources */ = {isa = PBXBuildFile; fileRef = 2287323A2DDE04AC00381103 /* TeamDetailsViewController.swift */; };
		228732522DDE04AC00381103 /* PageViewController.swift in Sources */ = {isa = PBXBuildFile; fileRef = 2287323B2DDE04AC00381103 /* PageViewController.swift */; };
		228732532DDE04AC00381103 /* LeaguesTableViewController.swift in Sources */ = {isa = PBXBuildFile; fileRef = 2287323C2DDE04AC00381103 /* LeaguesTableViewController.swift */; };
		228732542DDE04AC00381103 /* DetailsCollectionViewCell.xib in Resources */ = {isa = PBXBuildFile; fileRef = 2287323D2DDE04AC00381103 /* DetailsCollectionViewCell.xib */; };
		228732552DDE04AC00381103 /* PlayerTableViewCell.swift in Sources */ = {isa = PBXBuildFile; fileRef = 2287323E2DDE04AC00381103 /* PlayerTableViewCell.swift */; };
		228732562DDE04AC00381103 /* SportsCollectionViewCell.swift in Sources */ = {isa = PBXBuildFile; fileRef = 2287323F2DDE04AC00381103 /* SportsCollectionViewCell.swift */; };
		2287325A2DDE04F700381103 /* AppDelegate.swift in Sources */ = {isa = PBXBuildFile; fileRef = 228732582DDE04F700381103 /* AppDelegate.swift */; };
		2287325B2DDE04F700381103 /* SceneDelegate.swift in Sources */ = {isa = PBXBuildFile; fileRef = 228732592DDE04F700381103 /* SceneDelegate.swift */; };
		228732612DDE050200381103 /* FavPresenter.swift in Sources */ = {isa = PBXBuildFile; fileRef = 2287325D2DDE050200381103 /* FavPresenter.swift */; };
		228732622DDE050200381103 /* LeaguesDetailsPresenter.swift in Sources */ = {isa = PBXBuildFile; fileRef = 2287325E2DDE050200381103 /* LeaguesDetailsPresenter.swift */; };
		228732632DDE050200381103 /* TeamPlayersPresenter.swift in Sources */ = {isa = PBXBuildFile; fileRef = 2287325F2DDE050200381103 /* TeamPlayersPresenter.swift */; };
		228732642DDE050200381103 /* LeaguesPresenter.swift in Sources */ = {isa = PBXBuildFile; fileRef = 228732602DDE050200381103 /* LeaguesPresenter.swift */; };
		228732672DDE050F00381103 /* CollectionItemsFunc.swift in Sources */ = {isa = PBXBuildFile; fileRef = 228732662DDE050F00381103 /* CollectionItemsFunc.swift */; };
		2287326A2DDE051800381103 /* CollectionItemsFunctions.swift in Sources */ = {isa = PBXBuildFile; fileRef = 228732692DDE051800381103 /* CollectionItemsFunctions.swift */; };
		2287326D2DDE055D00381103 /* Assets.xcassets in Resources */ = {isa = PBXBuildFile; fileRef = 2287326C2DDE055D00381103 /* Assets.xcassets */; };
		2287327D2DDE0B5F00381103 /* LeaguesCoreModel.xcdatamodeld in Sources */ = {isa = PBXBuildFile; fileRef = 2287327B2DDE0B5F00381103 /* LeaguesCoreModel.xcdatamodeld */; };
		228732802DDE0BB900381103 /* LeagueCoreDataModel+CoreDataClass.swift in Sources */ = {isa = PBXBuildFile; fileRef = 2287327E2DDE0BB800381103 /* LeagueCoreDataModel+CoreDataClass.swift */; };
		228732812DDE0BB900381103 /* LeagueCoreDataModel+CoreDataProperties.swift in Sources */ = {isa = PBXBuildFile; fileRef = 2287327F2DDE0BB800381103 /* LeagueCoreDataModel+CoreDataProperties.swift */; };
		22C8A3FD2DD3C182000E5545 /* Alamofire in Frameworks */ = {isa = PBXBuildFile; productRef = 22C8A3FC2DD3C182000E5545 /* Alamofire */; };
		22C8A40D2DD3D10A000E5545 /* Kingfisher in Frameworks */ = {isa = PBXBuildFile; productRef = 22C8A40C2DD3D10A000E5545 /* Kingfisher */; };
/* End PBXBuildFile section */

/* Begin PBXContainerItemProxy section */
		220735F82DCFB08700B29459 /* PBXContainerItemProxy */ = {
			isa = PBXContainerItemProxy;
			containerPortal = 220735D62DCFB08600B29459 /* Project object */;
			proxyType = 1;
			remoteGlobalIDString = 220735DD2DCFB08600B29459;
			remoteInfo = Sports;
		};
		220736022DCFB08700B29459 /* PBXContainerItemProxy */ = {
			isa = PBXContainerItemProxy;
			containerPortal = 220735D62DCFB08600B29459 /* Project object */;
			proxyType = 1;
			remoteGlobalIDString = 220735DD2DCFB08600B29459;
			remoteInfo = Sports;
		};
/* End PBXContainerItemProxy section */

/* Begin PBXFileReference section */
		220735DE2DCFB08600B29459 /* Sports.app */ = {isa = PBXFileReference; explicitFileType = wrapper.application; includeInIndex = 0; path = Sports.app; sourceTree = BUILT_PRODUCTS_DIR; };
		220735F22DCFB08700B29459 /* Info.plist */ = {isa = PBXFileReference; lastKnownFileType = text.plist.xml; path = Info.plist; sourceTree = "<group>"; };
		220735F72DCFB08700B29459 /* SportsTests.xctest */ = {isa = PBXFileReference; explicitFileType = wrapper.cfbundle; includeInIndex = 0; path = SportsTests.xctest; sourceTree = BUILT_PRODUCTS_DIR; };
		220735FB2DCFB08700B29459 /* SportsTests.swift */ = {isa = PBXFileReference; lastKnownFileType = sourcecode.swift; path = SportsTests.swift; sourceTree = "<group>"; };
		220736012DCFB08700B29459 /* SportsUITests.xctest */ = {isa = PBXFileReference; explicitFileType = wrapper.cfbundle; includeInIndex = 0; path = SportsUITests.xctest; sourceTree = BUILT_PRODUCTS_DIR; };
		220736052DCFB08700B29459 /* SportsUITests.swift */ = {isa = PBXFileReference; lastKnownFileType = sourcecode.swift; path = SportsUITests.swift; sourceTree = "<group>"; };
		220736072DCFB08700B29459 /* SportsUITestsLaunchTests.swift */ = {isa = PBXFileReference; lastKnownFileType = sourcecode.swift; path = SportsUITestsLaunchTests.swift; sourceTree = "<group>"; };
		224C8F822DDE454A001D9057 /* CollectionViewCell.swift */ = {isa = PBXFileReference; lastKnownFileType = sourcecode.swift; path = CollectionViewCell.swift; sourceTree = "<group>"; };
		224C8F832DDE454A001D9057 /* CollectionViewCell.xib */ = {isa = PBXFileReference; lastKnownFileType = file.xib; path = CollectionViewCell.xib; sourceTree = "<group>"; };
		228732012DDE04A200381103 /* Tennis.swift */ = {isa = PBXFileReference; fileEncoding = 4; lastKnownFileType = sourcecode.swift; path = Tennis.swift; sourceTree = "<group>"; };
		228732022DDE04A200381103 /* LeaguesDetails.swift */ = {isa = PBXFileReference; fileEncoding = 4; lastKnownFileType = sourcecode.swift; path = LeaguesDetails.swift; sourceTree = "<group>"; };
		228732032DDE04A200381103 /* CricketResponse.swift */ = {isa = PBXFileReference; fileEncoding = 4; lastKnownFileType = sourcecode.swift; path = CricketResponse.swift; sourceTree = "<group>"; };
		228732042DDE04A200381103 /* BasketballResponse.swift */ = {isa = PBXFileReference; fileEncoding = 4; lastKnownFileType = sourcecode.swift; path = BasketballResponse.swift; sourceTree = "<group>"; };
		228732052DDE04A200381103 /* LeaguesResponse.swift */ = {isa = PBXFileReference; fileEncoding = 4; lastKnownFileType = sourcecode.swift; path = LeaguesResponse.swift; sourceTree = "<group>"; };
		228732062DDE04A200381103 /* BasketBallDetails.swift */ = {isa = PBXFileReference; fileEncoding = 4; lastKnownFileType = sourcecode.swift; path = BasketBallDetails.swift; sourceTree = "<group>"; };
		228732072DDE04A200381103 /* TennisResponse.swift */ = {isa = PBXFileReference; fileEncoding = 4; lastKnownFileType = sourcecode.swift; path = TennisResponse.swift; sourceTree = "<group>"; };
		228732082DDE04A200381103 /* LeaguesDetailsResponse.swift */ = {isa = PBXFileReference; fileEncoding = 4; lastKnownFileType = sourcecode.swift; path = LeaguesDetailsResponse.swift; sourceTree = "<group>"; };
		228732092DDE04A200381103 /* Team.swift */ = {isa = PBXFileReference; fileEncoding = 4; lastKnownFileType = sourcecode.swift; path = Team.swift; sourceTree = "<group>"; };
		2287320A2DDE04A200381103 /* TeamPlayersResponse.swift */ = {isa = PBXFileReference; fileEncoding = 4; lastKnownFileType = sourcecode.swift; path = TeamPlayersResponse.swift; sourceTree = "<group>"; };
		2287320B2DDE04A200381103 /* Events.swift */ = {isa = PBXFileReference; fileEncoding = 4; lastKnownFileType = sourcecode.swift; path = Events.swift; sourceTree = "<group>"; };
		2287320C2DDE04A200381103 /* CricketMatchDetails.swift */ = {isa = PBXFileReference; fileEncoding = 4; lastKnownFileType = sourcecode.swift; path = CricketMatchDetails.swift; sourceTree = "<group>"; };
		2287320D2DDE04A200381103 /* SportsResponse.swift */ = {isa = PBXFileReference; fileEncoding = 4; lastKnownFileType = sourcecode.swift; path = SportsResponse.swift; sourceTree = "<group>"; };
		2287320E2DDE04A200381103 /* Coaches.swift */ = {isa = PBXFileReference; fileEncoding = 4; lastKnownFileType = sourcecode.swift; path = Coaches.swift; sourceTree = "<group>"; };
		2287320F2DDE04A200381103 /* League.swift */ = {isa = PBXFileReference; fileEncoding = 4; lastKnownFileType = sourcecode.swift; path = League.swift; sourceTree = "<group>"; };
		228732112DDE04A200381103 /* NetworkService.swift */ = {isa = PBXFileReference; fileEncoding = 4; lastKnownFileType = sourcecode.swift; path = NetworkService.swift; sourceTree = "<group>"; };
		228732132DDE04A200381103 /* MyCoreDataServices.swift */ = {isa = PBXFileReference; fileEncoding = 4; lastKnownFileType = sourcecode.swift; path = MyCoreDataServices.swift; sourceTree = "<group>"; };
		228732262DDE04AC00381103 /* TeamCollectionViewCell.swift */ = {isa = PBXFileReference; fileEncoding = 4; lastKnownFileType = sourcecode.swift; path = TeamCollectionViewCell.swift; sourceTree = "<group>"; };
		228732272DDE04AC00381103 /* LeagueTableCell.xib */ = {isa = PBXFileReference; fileEncoding = 4; lastKnownFileType = file.xib; path = LeagueTableCell.xib; sourceTree = "<group>"; };
		228732282DDE04AC00381103 /* PlayerTableViewCell.xib */ = {isa = PBXFileReference; fileEncoding = 4; lastKnownFileType = file.xib; path = PlayerTableViewCell.xib; sourceTree = "<group>"; };
		228732292DDE04AC00381103 /* TeamCollectionViewCell.xib */ = {isa = PBXFileReference; fileEncoding = 4; lastKnownFileType = file.xib; path = TeamCollectionViewCell.xib; sourceTree = "<group>"; };
		2287322A2DDE04AC00381103 /* SectionHeaderView.swift */ = {isa = PBXFileReference; fileEncoding = 4; lastKnownFileType = sourcecode.swift; path = SectionHeaderView.swift; sourceTree = "<group>"; };
		2287322B2DDE04AC00381103 /* LeagueTableCell.swift */ = {isa = PBXFileReference; fileEncoding = 4; lastKnownFileType = sourcecode.swift; path = LeagueTableCell.swift; sourceTree = "<group>"; };
		2287322C2DDE04AC00381103 /* DetailsCollectionViewCell.swift */ = {isa = PBXFileReference; fileEncoding = 4; lastKnownFileType = sourcecode.swift; path = DetailsCollectionViewCell.swift; sourceTree = "<group>"; };
		2287322E2DDE04AC00381103 /* Base */ = {isa = PBXFileReference; lastKnownFileType = file.storyboard; name = Base; path = Base.lproj/LaunchScreen.storyboard; sourceTree = "<group>"; };
		228732302DDE04AC00381103 /* Base */ = {isa = PBXFileReference; lastKnownFileType = file.storyboard; name = Base; path = Base.lproj/Main.storyboard; sourceTree = "<group>"; };
		228732312DDE04AC00381103 /* SectionHeaderView.xib */ = {isa = PBXFileReference; fileEncoding = 4; lastKnownFileType = file.xib; path = SectionHeaderView.xib; sourceTree = "<group>"; };
		228732332DDE04AC00381103 /* FavTableViewController.swift */ = {isa = PBXFileReference; fileEncoding = 4; lastKnownFileType = sourcecode.swift; path = FavTableViewController.swift; sourceTree = "<group>"; };
		228732342DDE04AC00381103 /* ViewController.swift */ = {isa = PBXFileReference; fileEncoding = 4; lastKnownFileType = sourcecode.swift; path = ViewController.swift; sourceTree = "<group>"; };
		228732352DDE04AC00381103 /* FirstOnBoardingViewController.swift */ = {isa = PBXFileReference; fileEncoding = 4; lastKnownFileType = sourcecode.swift; path = FirstOnBoardingViewController.swift; sourceTree = "<group>"; };
		228732362DDE04AC00381103 /* SecondOnBoardingViewController.swift */ = {isa = PBXFileReference; fileEncoding = 4; lastKnownFileType = sourcecode.swift; path = SecondOnBoardingViewController.swift; sourceTree = "<group>"; };
		228732372DDE04AC00381103 /* ThirdOnBoardingViewController.swift */ = {isa = PBXFileReference; fileEncoding = 4; lastKnownFileType = sourcecode.swift; path = ThirdOnBoardingViewController.swift; sourceTree = "<group>"; };
		228732382DDE04AC00381103 /* DetailsCollectionViewController.swift */ = {isa = PBXFileReference; fileEncoding = 4; lastKnownFileType = sourcecode.swift; path = DetailsCollectionViewController.swift; sourceTree = "<group>"; };
		228732392DDE04AC00381103 /* SplashViewController.swift */ = {isa = PBXFileReference; fileEncoding = 4; lastKnownFileType = sourcecode.swift; path = SplashViewController.swift; sourceTree = "<group>"; };
		2287323A2DDE04AC00381103 /* TeamDetailsViewController.swift */ = {isa = PBXFileReference; fileEncoding = 4; lastKnownFileType = sourcecode.swift; path = TeamDetailsViewController.swift; sourceTree = "<group>"; };
		2287323B2DDE04AC00381103 /* PageViewController.swift */ = {isa = PBXFileReference; fileEncoding = 4; lastKnownFileType = sourcecode.swift; path = PageViewController.swift; sourceTree = "<group>"; };
		2287323C2DDE04AC00381103 /* LeaguesTableViewController.swift */ = {isa = PBXFileReference; fileEncoding = 4; lastKnownFileType = sourcecode.swift; path = LeaguesTableViewController.swift; sourceTree = "<group>"; };
		2287323D2DDE04AC00381103 /* DetailsCollectionViewCell.xib */ = {isa = PBXFileReference; fileEncoding = 4; lastKnownFileType = file.xib; path = DetailsCollectionViewCell.xib; sourceTree = "<group>"; };
		2287323E2DDE04AC00381103 /* PlayerTableViewCell.swift */ = {isa = PBXFileReference; fileEncoding = 4; lastKnownFileType = sourcecode.swift; path = PlayerTableViewCell.swift; sourceTree = "<group>"; };
		2287323F2DDE04AC00381103 /* SportsCollectionViewCell.swift */ = {isa = PBXFileReference; fileEncoding = 4; lastKnownFileType = sourcecode.swift; path = SportsCollectionViewCell.swift; sourceTree = "<group>"; };
		228732582DDE04F700381103 /* AppDelegate.swift */ = {isa = PBXFileReference; fileEncoding = 4; lastKnownFileType = sourcecode.swift; path = AppDelegate.swift; sourceTree = "<group>"; };
		228732592DDE04F700381103 /* SceneDelegate.swift */ = {isa = PBXFileReference; fileEncoding = 4; lastKnownFileType = sourcecode.swift; path = SceneDelegate.swift; sourceTree = "<group>"; };
		2287325D2DDE050200381103 /* FavPresenter.swift */ = {isa = PBXFileReference; fileEncoding = 4; lastKnownFileType = sourcecode.swift; path = FavPresenter.swift; sourceTree = "<group>"; };
		2287325E2DDE050200381103 /* LeaguesDetailsPresenter.swift */ = {isa = PBXFileReference; fileEncoding = 4; lastKnownFileType = sourcecode.swift; path = LeaguesDetailsPresenter.swift; sourceTree = "<group>"; };
		2287325F2DDE050200381103 /* TeamPlayersPresenter.swift */ = {isa = PBXFileReference; fileEncoding = 4; lastKnownFileType = sourcecode.swift; path = TeamPlayersPresenter.swift; sourceTree = "<group>"; };
		228732602DDE050200381103 /* LeaguesPresenter.swift */ = {isa = PBXFileReference; fileEncoding = 4; lastKnownFileType = sourcecode.swift; path = LeaguesPresenter.swift; sourceTree = "<group>"; };
		228732662DDE050F00381103 /* CollectionItemsFunc.swift */ = {isa = PBXFileReference; fileEncoding = 4; lastKnownFileType = sourcecode.swift; path = CollectionItemsFunc.swift; sourceTree = "<group>"; };
		228732692DDE051800381103 /* CollectionItemsFunctions.swift */ = {isa = PBXFileReference; fileEncoding = 4; lastKnownFileType = sourcecode.swift; path = CollectionItemsFunctions.swift; sourceTree = "<group>"; };
		2287326C2DDE055D00381103 /* Assets.xcassets */ = {isa = PBXFileReference; lastKnownFileType = folder.assetcatalog; path = Assets.xcassets; sourceTree = "<group>"; };
		2287327C2DDE0B5F00381103 /* LeaguesCoreModel.xcdatamodel */ = {isa = PBXFileReference; lastKnownFileType = wrapper.xcdatamodel; path = LeaguesCoreModel.xcdatamodel; sourceTree = "<group>"; };
		2287327E2DDE0BB800381103 /* LeagueCoreDataModel+CoreDataClass.swift */ = {isa = PBXFileReference; lastKnownFileType = sourcecode.swift; path = "LeagueCoreDataModel+CoreDataClass.swift"; sourceTree = "<group>"; };
		2287327F2DDE0BB800381103 /* LeagueCoreDataModel+CoreDataProperties.swift */ = {isa = PBXFileReference; lastKnownFileType = sourcecode.swift; path = "LeagueCoreDataModel+CoreDataProperties.swift"; sourceTree = "<group>"; };
/* End PBXFileReference section */

/* Begin PBXFrameworksBuildPhase section */
		220735DB2DCFB08600B29459 /* Frameworks */ = {
			isa = PBXFrameworksBuildPhase;
			buildActionMask = 2147483647;
			files = (
				22C8A40D2DD3D10A000E5545 /* Kingfisher in Frameworks */,
				228634912DDD151300D86A73 /* Reachability in Frameworks */,
				22C8A3FD2DD3C182000E5545 /* Alamofire in Frameworks */,
				228730492DDDB86000381103 /* Lottie in Frameworks */,
			);
			runOnlyForDeploymentPostprocessing = 0;
		};
		220735F42DCFB08700B29459 /* Frameworks */ = {
			isa = PBXFrameworksBuildPhase;
			buildActionMask = 2147483647;
			files = (
			);
			runOnlyForDeploymentPostprocessing = 0;
		};
		220735FE2DCFB08700B29459 /* Frameworks */ = {
			isa = PBXFrameworksBuildPhase;
			buildActionMask = 2147483647;
			files = (
			);
			runOnlyForDeploymentPostprocessing = 0;
		};
/* End PBXFrameworksBuildPhase section */

/* Begin PBXGroup section */
		220735D52DCFB08600B29459 = {
			isa = PBXGroup;
			children = (
				2287327E2DDE0BB800381103 /* LeagueCoreDataModel+CoreDataClass.swift */,
				2287327F2DDE0BB800381103 /* LeagueCoreDataModel+CoreDataProperties.swift */,
				2287327B2DDE0B5F00381103 /* LeaguesCoreModel.xcdatamodeld */,
				220735E02DCFB08600B29459 /* Sports */,
				220735FA2DCFB08700B29459 /* SportsTests */,
				220736042DCFB08700B29459 /* SportsUITests */,
				220735DF2DCFB08600B29459 /* Products */,
			);
			sourceTree = "<group>";
		};
		220735DF2DCFB08600B29459 /* Products */ = {
			isa = PBXGroup;
			children = (
				220735DE2DCFB08600B29459 /* Sports.app */,
				220735F72DCFB08700B29459 /* SportsTests.xctest */,
				220736012DCFB08700B29459 /* SportsUITests.xctest */,
			);
			name = Products;
			sourceTree = "<group>";
		};
		220735E02DCFB08600B29459 /* Sports */ = {
			isa = PBXGroup;
			children = (
				2287326B2DDE055D00381103 /* SupportFiles */,
				228732682DDE051800381103 /* Sports Utils */,
				228732652DDE050F00381103 /* Utils */,
				2287325C2DDE050200381103 /* Presenter */,
				228732572DDE04F700381103 /* App */,
				228732252DDE04AC00381103 /* View */,
				228731FF2DDE04A200381103 /* Model */,
				220735F22DCFB08700B29459 /* Info.plist */,
			);
			path = Sports;
			sourceTree = "<group>";
		};
		220735FA2DCFB08700B29459 /* SportsTests */ = {
			isa = PBXGroup;
			children = (
				220735FB2DCFB08700B29459 /* SportsTests.swift */,
			);
			path = SportsTests;
			sourceTree = "<group>";
		};
		220736042DCFB08700B29459 /* SportsUITests */ = {
			isa = PBXGroup;
			children = (
				220736052DCFB08700B29459 /* SportsUITests.swift */,
				220736072DCFB08700B29459 /* SportsUITestsLaunchTests.swift */,
			);
			path = SportsUITests;
			sourceTree = "<group>";
		};
		228731FF2DDE04A200381103 /* Model */ = {
			isa = PBXGroup;
			children = (
				228732002DDE04A200381103 /* DataModels */,
				228732102DDE04A200381103 /* NetworkService */,
				228732122DDE04A200381103 /* DataBaseServices */,
			);
			path = Model;
			sourceTree = "<group>";
		};
		228732002DDE04A200381103 /* DataModels */ = {
			isa = PBXGroup;
			children = (
				228732012DDE04A200381103 /* Tennis.swift */,
				228732022DDE04A200381103 /* LeaguesDetails.swift */,
				228732032DDE04A200381103 /* CricketResponse.swift */,
				228732042DDE04A200381103 /* BasketballResponse.swift */,
				228732052DDE04A200381103 /* LeaguesResponse.swift */,
				228732062DDE04A200381103 /* BasketBallDetails.swift */,
				228732072DDE04A200381103 /* TennisResponse.swift */,
				228732082DDE04A200381103 /* LeaguesDetailsResponse.swift */,
				228732092DDE04A200381103 /* Team.swift */,
				2287320A2DDE04A200381103 /* TeamPlayersResponse.swift */,
				2287320B2DDE04A200381103 /* Events.swift */,
				2287320C2DDE04A200381103 /* CricketMatchDetails.swift */,
				2287320D2DDE04A200381103 /* SportsResponse.swift */,
				2287320E2DDE04A200381103 /* Coaches.swift */,
				2287320F2DDE04A200381103 /* League.swift */,
			);
			path = DataModels;
			sourceTree = "<group>";
		};
		228732102DDE04A200381103 /* NetworkService */ = {
			isa = PBXGroup;
			children = (
				228732112DDE04A200381103 /* NetworkService.swift */,
			);
			path = NetworkService;
			sourceTree = "<group>";
		};
		228732122DDE04A200381103 /* DataBaseServices */ = {
			isa = PBXGroup;
			children = (
				228732132DDE04A200381103 /* MyCoreDataServices.swift */,
			);
			path = DataBaseServices;
			sourceTree = "<group>";
		};
		228732252DDE04AC00381103 /* View */ = {
			isa = PBXGroup;
			children = (
				228732262DDE04AC00381103 /* TeamCollectionViewCell.swift */,
				228732272DDE04AC00381103 /* LeagueTableCell.xib */,
				228732282DDE04AC00381103 /* PlayerTableViewCell.xib */,
				228732292DDE04AC00381103 /* TeamCollectionViewCell.xib */,
				2287322A2DDE04AC00381103 /* SectionHeaderView.swift */,
				2287322B2DDE04AC00381103 /* LeagueTableCell.swift */,
				2287322C2DDE04AC00381103 /* DetailsCollectionViewCell.swift */,
				2287322D2DDE04AC00381103 /* LaunchScreen.storyboard */,
				2287322F2DDE04AC00381103 /* Main.storyboard */,
				228732312DDE04AC00381103 /* SectionHeaderView.xib */,
				228732322DDE04AC00381103 /* controllers */,
				2287323D2DDE04AC00381103 /* DetailsCollectionViewCell.xib */,
				2287323E2DDE04AC00381103 /* PlayerTableViewCell.swift */,
				2287323F2DDE04AC00381103 /* SportsCollectionViewCell.swift */,
				224C8F822DDE454A001D9057 /* CollectionViewCell.swift */,
				224C8F832DDE454A001D9057 /* CollectionViewCell.xib */,
			);
			path = View;
			sourceTree = "<group>";
		};
		228732322DDE04AC00381103 /* controllers */ = {
			isa = PBXGroup;
			children = (
				228732332DDE04AC00381103 /* FavTableViewController.swift */,
				228732342DDE04AC00381103 /* ViewController.swift */,
				228732352DDE04AC00381103 /* FirstOnBoardingViewController.swift */,
				228732362DDE04AC00381103 /* SecondOnBoardingViewController.swift */,
				228732372DDE04AC00381103 /* ThirdOnBoardingViewController.swift */,
				228732382DDE04AC00381103 /* DetailsCollectionViewController.swift */,
				228732392DDE04AC00381103 /* SplashViewController.swift */,
				2287323A2DDE04AC00381103 /* TeamDetailsViewController.swift */,
				2287323B2DDE04AC00381103 /* PageViewController.swift */,
				2287323C2DDE04AC00381103 /* LeaguesTableViewController.swift */,
			);
			path = controllers;
			sourceTree = "<group>";
		};
		228732572DDE04F700381103 /* App */ = {
			isa = PBXGroup;
			children = (
				228732582DDE04F700381103 /* AppDelegate.swift */,
				228732592DDE04F700381103 /* SceneDelegate.swift */,
			);
			path = App;
			sourceTree = "<group>";
		};
		2287325C2DDE050200381103 /* Presenter */ = {
			isa = PBXGroup;
			children = (
				2287325D2DDE050200381103 /* FavPresenter.swift */,
				2287325E2DDE050200381103 /* LeaguesDetailsPresenter.swift */,
				2287325F2DDE050200381103 /* TeamPlayersPresenter.swift */,
				228732602DDE050200381103 /* LeaguesPresenter.swift */,
			);
			path = Presenter;
			sourceTree = "<group>";
		};
		228732652DDE050F00381103 /* Utils */ = {
			isa = PBXGroup;
			children = (
				228732662DDE050F00381103 /* CollectionItemsFunc.swift */,
			);
			path = Utils;
			sourceTree = "<group>";
		};
		228732682DDE051800381103 /* Sports Utils */ = {
			isa = PBXGroup;
			children = (
				228732692DDE051800381103 /* CollectionItemsFunctions.swift */,
			);
			path = "Sports Utils";
			sourceTree = "<group>";
		};
		2287326B2DDE055D00381103 /* SupportFiles */ = {
			isa = PBXGroup;
			children = (
				2287326C2DDE055D00381103 /* Assets.xcassets */,
			);
			path = SupportFiles;
			sourceTree = "<group>";
		};
/* End PBXGroup section */

/* Begin PBXNativeTarget section */
		220735DD2DCFB08600B29459 /* Sports */ = {
			isa = PBXNativeTarget;
			buildConfigurationList = 2207360B2DCFB08700B29459 /* Build configuration list for PBXNativeTarget "Sports" */;
			buildPhases = (
				220735DA2DCFB08600B29459 /* Sources */,
				220735DB2DCFB08600B29459 /* Frameworks */,
				220735DC2DCFB08600B29459 /* Resources */,
			);
			buildRules = (
			);
			dependencies = (
			);
			name = Sports;
			packageProductDependencies = (
				22C8A3FC2DD3C182000E5545 /* Alamofire */,
				22C8A40C2DD3D10A000E5545 /* Kingfisher */,
				228634902DDD151300D86A73 /* Reachability */,
				228730482DDDB86000381103 /* Lottie */,
			);
			productName = Sports;
			productReference = 220735DE2DCFB08600B29459 /* Sports.app */;
			productType = "com.apple.product-type.application";
		};
		220735F62DCFB08700B29459 /* SportsTests */ = {
			isa = PBXNativeTarget;
			buildConfigurationList = 2207360E2DCFB08700B29459 /* Build configuration list for PBXNativeTarget "SportsTests" */;
			buildPhases = (
				220735F32DCFB08700B29459 /* Sources */,
				220735F42DCFB08700B29459 /* Frameworks */,
				220735F52DCFB08700B29459 /* Resources */,
			);
			buildRules = (
			);
			dependencies = (
				220735F92DCFB08700B29459 /* PBXTargetDependency */,
			);
			name = SportsTests;
			productName = SportsTests;
			productReference = 220735F72DCFB08700B29459 /* SportsTests.xctest */;
			productType = "com.apple.product-type.bundle.unit-test";
		};
		220736002DCFB08700B29459 /* SportsUITests */ = {
			isa = PBXNativeTarget;
			buildConfigurationList = 220736112DCFB08700B29459 /* Build configuration list for PBXNativeTarget "SportsUITests" */;
			buildPhases = (
				220735FD2DCFB08700B29459 /* Sources */,
				220735FE2DCFB08700B29459 /* Frameworks */,
				220735FF2DCFB08700B29459 /* Resources */,
			);
			buildRules = (
			);
			dependencies = (
				220736032DCFB08700B29459 /* PBXTargetDependency */,
			);
			name = SportsUITests;
			productName = SportsUITests;
			productReference = 220736012DCFB08700B29459 /* SportsUITests.xctest */;
			productType = "com.apple.product-type.bundle.ui-testing";
		};
/* End PBXNativeTarget section */

/* Begin PBXProject section */
		220735D62DCFB08600B29459 /* Project object */ = {
			isa = PBXProject;
			attributes = {
				BuildIndependentTargetsInParallel = 1;
				LastSwiftUpdateCheck = 1420;
				LastUpgradeCheck = 1420;
				TargetAttributes = {
					220735DD2DCFB08600B29459 = {
						CreatedOnToolsVersion = 14.2;
					};
					220735F62DCFB08700B29459 = {
						CreatedOnToolsVersion = 14.2;
						TestTargetID = 220735DD2DCFB08600B29459;
					};
					220736002DCFB08700B29459 = {
						CreatedOnToolsVersion = 14.2;
						TestTargetID = 220735DD2DCFB08600B29459;
					};
				};
			};
			buildConfigurationList = 220735D92DCFB08600B29459 /* Build configuration list for PBXProject "Sports" */;
			compatibilityVersion = "Xcode 14.0";
			developmentRegion = en;
			hasScannedForEncodings = 0;
			knownRegions = (
				en,
				Base,
			);
			mainGroup = 220735D52DCFB08600B29459;
			packageReferences = (
				22C8A3FB2DD3C182000E5545 /* XCRemoteSwiftPackageReference "Alamofire" */,
				22C8A40B2DD3D10A000E5545 /* XCRemoteSwiftPackageReference "Kingfisher" */,
				2286348F2DDD151300D86A73 /* XCRemoteSwiftPackageReference "Reachability" */,
				228730472DDDB86000381103 /* XCRemoteSwiftPackageReference "lottie-spm" */,
			);
			productRefGroup = 220735DF2DCFB08600B29459 /* Products */;
			projectDirPath = "";
			projectRoot = "";
			targets = (
				220735DD2DCFB08600B29459 /* Sports */,
				220735F62DCFB08700B29459 /* SportsTests */,
				220736002DCFB08700B29459 /* SportsUITests */,
			);
		};
/* End PBXProject section */

/* Begin PBXResourcesBuildPhase section */
		220735DC2DCFB08600B29459 /* Resources */ = {
			isa = PBXResourcesBuildPhase;
			buildActionMask = 2147483647;
			files = (
				228732432DDE04AC00381103 /* TeamCollectionViewCell.xib in Resources */,
				228732412DDE04AC00381103 /* LeagueTableCell.xib in Resources */,
				228732542DDE04AC00381103 /* DetailsCollectionViewCell.xib in Resources */,
				228732482DDE04AC00381103 /* Main.storyboard in Resources */,
				228732472DDE04AC00381103 /* LaunchScreen.storyboard in Resources */,
				228732422DDE04AC00381103 /* PlayerTableViewCell.xib in Resources */,
				2287326D2DDE055D00381103 /* Assets.xcassets in Resources */,
				228732492DDE04AC00381103 /* SectionHeaderView.xib in Resources */,
				224C8F852DDE454A001D9057 /* CollectionViewCell.xib in Resources */,
			);
			runOnlyForDeploymentPostprocessing = 0;
		};
		220735F52DCFB08700B29459 /* Resources */ = {
			isa = PBXResourcesBuildPhase;
			buildActionMask = 2147483647;
			files = (
			);
			runOnlyForDeploymentPostprocessing = 0;
		};
		220735FF2DCFB08700B29459 /* Resources */ = {
			isa = PBXResourcesBuildPhase;
			buildActionMask = 2147483647;
			files = (
			);
			runOnlyForDeploymentPostprocessing = 0;
		};
/* End PBXResourcesBuildPhase section */

/* Begin PBXSourcesBuildPhase section */
		220735DA2DCFB08600B29459 /* Sources */ = {
			isa = PBXSourcesBuildPhase;
			buildActionMask = 2147483647;
			files = (
				228732142DDE04A200381103 /* Tennis.swift in Sources */,
				228732632DDE050200381103 /* TeamPlayersPresenter.swift in Sources */,
				228732162DDE04A200381103 /* CricketResponse.swift in Sources */,
				228732452DDE04AC00381103 /* LeagueTableCell.swift in Sources */,
				2287324C2DDE04AC00381103 /* FirstOnBoardingViewController.swift in Sources */,
				2287321D2DDE04A200381103 /* TeamPlayersResponse.swift in Sources */,
				228732612DDE050200381103 /* FavPresenter.swift in Sources */,
				228732532DDE04AC00381103 /* LeaguesTableViewController.swift in Sources */,
				228732502DDE04AC00381103 /* SplashViewController.swift in Sources */,
				228732812DDE0BB900381103 /* LeagueCoreDataModel+CoreDataProperties.swift in Sources */,
				228732152DDE04A200381103 /* LeaguesDetails.swift in Sources */,
				228732552DDE04AC00381103 /* PlayerTableViewCell.swift in Sources */,
				228732462DDE04AC00381103 /* DetailsCollectionViewCell.swift in Sources */,
				228732672DDE050F00381103 /* CollectionItemsFunc.swift in Sources */,
				228732222DDE04A200381103 /* League.swift in Sources */,
				2287324E2DDE04AC00381103 /* ThirdOnBoardingViewController.swift in Sources */,
				228732442DDE04AC00381103 /* SectionHeaderView.swift in Sources */,
				2287325A2DDE04F700381103 /* AppDelegate.swift in Sources */,
				2287321A2DDE04A200381103 /* TennisResponse.swift in Sources */,
				228732182DDE04A200381103 /* LeaguesResponse.swift in Sources */,
				224C8F842DDE454A001D9057 /* CollectionViewCell.swift in Sources */,
				2287324D2DDE04AC00381103 /* SecondOnBoardingViewController.swift in Sources */,
				2287324F2DDE04AC00381103 /* DetailsCollectionViewController.swift in Sources */,
				2287327D2DDE0B5F00381103 /* LeaguesCoreModel.xcdatamodeld in Sources */,
				228732402DDE04AC00381103 /* TeamCollectionViewCell.swift in Sources */,
				2287321C2DDE04A200381103 /* Team.swift in Sources */,
				228732232DDE04A200381103 /* NetworkService.swift in Sources */,
				228732642DDE050200381103 /* LeaguesPresenter.swift in Sources */,
				2287321E2DDE04A200381103 /* Events.swift in Sources */,
				228732192DDE04A200381103 /* BasketBallDetails.swift in Sources */,
				228732212DDE04A200381103 /* Coaches.swift in Sources */,
				228732202DDE04A200381103 /* SportsResponse.swift in Sources */,
				228732622DDE050200381103 /* LeaguesDetailsPresenter.swift in Sources */,
				2287326A2DDE051800381103 /* CollectionItemsFunctions.swift in Sources */,
				228732522DDE04AC00381103 /* PageViewController.swift in Sources */,
				2287324B2DDE04AC00381103 /* ViewController.swift in Sources */,
				228732172DDE04A200381103 /* BasketballResponse.swift in Sources */,
				228732242DDE04A200381103 /* MyCoreDataServices.swift in Sources */,
				2287324A2DDE04AC00381103 /* FavTableViewController.swift in Sources */,
				228732802DDE0BB900381103 /* LeagueCoreDataModel+CoreDataClass.swift in Sources */,
				228732562DDE04AC00381103 /* SportsCollectionViewCell.swift in Sources */,
				2287321B2DDE04A200381103 /* LeaguesDetailsResponse.swift in Sources */,
				2287325B2DDE04F700381103 /* SceneDelegate.swift in Sources */,
				228732512DDE04AC00381103 /* TeamDetailsViewController.swift in Sources */,
				2287321F2DDE04A200381103 /* CricketMatchDetails.swift in Sources */,
			);
			runOnlyForDeploymentPostprocessing = 0;
		};
		220735F32DCFB08700B29459 /* Sources */ = {
			isa = PBXSourcesBuildPhase;
			buildActionMask = 2147483647;
			files = (
				220735FC2DCFB08700B29459 /* SportsTests.swift in Sources */,
			);
			runOnlyForDeploymentPostprocessing = 0;
		};
		220735FD2DCFB08700B29459 /* Sources */ = {
			isa = PBXSourcesBuildPhase;
			buildActionMask = 2147483647;
			files = (
				220736062DCFB08700B29459 /* SportsUITests.swift in Sources */,
				220736082DCFB08700B29459 /* SportsUITestsLaunchTests.swift in Sources */,
			);
			runOnlyForDeploymentPostprocessing = 0;
		};
/* End PBXSourcesBuildPhase section */

/* Begin PBXTargetDependency section */
		220735F92DCFB08700B29459 /* PBXTargetDependency */ = {
			isa = PBXTargetDependency;
			target = 220735DD2DCFB08600B29459 /* Sports */;
			targetProxy = 220735F82DCFB08700B29459 /* PBXContainerItemProxy */;
		};
		220736032DCFB08700B29459 /* PBXTargetDependency */ = {
			isa = PBXTargetDependency;
			target = 220735DD2DCFB08600B29459 /* Sports */;
			targetProxy = 220736022DCFB08700B29459 /* PBXContainerItemProxy */;
		};
/* End PBXTargetDependency section */

/* Begin PBXVariantGroup section */
		2287322D2DDE04AC00381103 /* LaunchScreen.storyboard */ = {
			isa = PBXVariantGroup;
			children = (
				2287322E2DDE04AC00381103 /* Base */,
			);
			name = LaunchScreen.storyboard;
			sourceTree = "<group>";
		};
		2287322F2DDE04AC00381103 /* Main.storyboard */ = {
			isa = PBXVariantGroup;
			children = (
				228732302DDE04AC00381103 /* Base */,
			);
			name = Main.storyboard;
			sourceTree = "<group>";
		};
/* End PBXVariantGroup section */

/* Begin XCBuildConfiguration section */
		220736092DCFB08700B29459 /* Debug */ = {
			isa = XCBuildConfiguration;
			buildSettings = {
				ALWAYS_SEARCH_USER_PATHS = NO;
				CLANG_ANALYZER_NONNULL = YES;
				CLANG_ANALYZER_NUMBER_OBJECT_CONVERSION = YES_AGGRESSIVE;
				CLANG_CXX_LANGUAGE_STANDARD = "gnu++20";
				CLANG_ENABLE_MODULES = YES;
				CLANG_ENABLE_OBJC_ARC = YES;
				CLANG_ENABLE_OBJC_WEAK = YES;
				CLANG_WARN_BLOCK_CAPTURE_AUTORELEASING = YES;
				CLANG_WARN_BOOL_CONVERSION = YES;
				CLANG_WARN_COMMA = YES;
				CLANG_WARN_CONSTANT_CONVERSION = YES;
				CLANG_WARN_DEPRECATED_OBJC_IMPLEMENTATIONS = YES;
				CLANG_WARN_DIRECT_OBJC_ISA_USAGE = YES_ERROR;
				CLANG_WARN_DOCUMENTATION_COMMENTS = YES;
				CLANG_WARN_EMPTY_BODY = YES;
				CLANG_WARN_ENUM_CONVERSION = YES;
				CLANG_WARN_INFINITE_RECURSION = YES;
				CLANG_WARN_INT_CONVERSION = YES;
				CLANG_WARN_NON_LITERAL_NULL_CONVERSION = YES;
				CLANG_WARN_OBJC_IMPLICIT_RETAIN_SELF = YES;
				CLANG_WARN_OBJC_LITERAL_CONVERSION = YES;
				CLANG_WARN_OBJC_ROOT_CLASS = YES_ERROR;
				CLANG_WARN_QUOTED_INCLUDE_IN_FRAMEWORK_HEADER = YES;
				CLANG_WARN_RANGE_LOOP_ANALYSIS = YES;
				CLANG_WARN_STRICT_PROTOTYPES = YES;
				CLANG_WARN_SUSPICIOUS_MOVE = YES;
				CLANG_WARN_UNGUARDED_AVAILABILITY = YES_AGGRESSIVE;
				CLANG_WARN_UNREACHABLE_CODE = YES;
				CLANG_WARN__DUPLICATE_METHOD_MATCH = YES;
				COPY_PHASE_STRIP = NO;
				DEBUG_INFORMATION_FORMAT = dwarf;
				ENABLE_STRICT_OBJC_MSGSEND = YES;
				ENABLE_TESTABILITY = YES;
				GCC_C_LANGUAGE_STANDARD = gnu11;
				GCC_DYNAMIC_NO_PIC = NO;
				GCC_NO_COMMON_BLOCKS = YES;
				GCC_OPTIMIZATION_LEVEL = 0;
				GCC_PREPROCESSOR_DEFINITIONS = (
					"DEBUG=1",
					"$(inherited)",
				);
				GCC_WARN_64_TO_32_BIT_CONVERSION = YES;
				GCC_WARN_ABOUT_RETURN_TYPE = YES_ERROR;
				GCC_WARN_UNDECLARED_SELECTOR = YES;
				GCC_WARN_UNINITIALIZED_AUTOS = YES_AGGRESSIVE;
				GCC_WARN_UNUSED_FUNCTION = YES;
				GCC_WARN_UNUSED_VARIABLE = YES;
				IPHONEOS_DEPLOYMENT_TARGET = 16.2;
				MTL_ENABLE_DEBUG_INFO = INCLUDE_SOURCE;
				MTL_FAST_MATH = YES;
				ONLY_ACTIVE_ARCH = YES;
				SDKROOT = iphoneos;
				SWIFT_ACTIVE_COMPILATION_CONDITIONS = DEBUG;
				SWIFT_OPTIMIZATION_LEVEL = "-Onone";
			};
			name = Debug;
		};
		2207360A2DCFB08700B29459 /* Release */ = {
			isa = XCBuildConfiguration;
			buildSettings = {
				ALWAYS_SEARCH_USER_PATHS = NO;
				CLANG_ANALYZER_NONNULL = YES;
				CLANG_ANALYZER_NUMBER_OBJECT_CONVERSION = YES_AGGRESSIVE;
				CLANG_CXX_LANGUAGE_STANDARD = "gnu++20";
				CLANG_ENABLE_MODULES = YES;
				CLANG_ENABLE_OBJC_ARC = YES;
				CLANG_ENABLE_OBJC_WEAK = YES;
				CLANG_WARN_BLOCK_CAPTURE_AUTORELEASING = YES;
				CLANG_WARN_BOOL_CONVERSION = YES;
				CLANG_WARN_COMMA = YES;
				CLANG_WARN_CONSTANT_CONVERSION = YES;
				CLANG_WARN_DEPRECATED_OBJC_IMPLEMENTATIONS = YES;
				CLANG_WARN_DIRECT_OBJC_ISA_USAGE = YES_ERROR;
				CLANG_WARN_DOCUMENTATION_COMMENTS = YES;
				CLANG_WARN_EMPTY_BODY = YES;
				CLANG_WARN_ENUM_CONVERSION = YES;
				CLANG_WARN_INFINITE_RECURSION = YES;
				CLANG_WARN_INT_CONVERSION = YES;
				CLANG_WARN_NON_LITERAL_NULL_CONVERSION = YES;
				CLANG_WARN_OBJC_IMPLICIT_RETAIN_SELF = YES;
				CLANG_WARN_OBJC_LITERAL_CONVERSION = YES;
				CLANG_WARN_OBJC_ROOT_CLASS = YES_ERROR;
				CLANG_WARN_QUOTED_INCLUDE_IN_FRAMEWORK_HEADER = YES;
				CLANG_WARN_RANGE_LOOP_ANALYSIS = YES;
				CLANG_WARN_STRICT_PROTOTYPES = YES;
				CLANG_WARN_SUSPICIOUS_MOVE = YES;
				CLANG_WARN_UNGUARDED_AVAILABILITY = YES_AGGRESSIVE;
				CLANG_WARN_UNREACHABLE_CODE = YES;
				CLANG_WARN__DUPLICATE_METHOD_MATCH = YES;
				COPY_PHASE_STRIP = NO;
				DEBUG_INFORMATION_FORMAT = "dwarf-with-dsym";
				ENABLE_NS_ASSERTIONS = NO;
				ENABLE_STRICT_OBJC_MSGSEND = YES;
				GCC_C_LANGUAGE_STANDARD = gnu11;
				GCC_NO_COMMON_BLOCKS = YES;
				GCC_WARN_64_TO_32_BIT_CONVERSION = YES;
				GCC_WARN_ABOUT_RETURN_TYPE = YES_ERROR;
				GCC_WARN_UNDECLARED_SELECTOR = YES;
				GCC_WARN_UNINITIALIZED_AUTOS = YES_AGGRESSIVE;
				GCC_WARN_UNUSED_FUNCTION = YES;
				GCC_WARN_UNUSED_VARIABLE = YES;
				IPHONEOS_DEPLOYMENT_TARGET = 16.2;
				MTL_ENABLE_DEBUG_INFO = NO;
				MTL_FAST_MATH = YES;
				SDKROOT = iphoneos;
				SWIFT_COMPILATION_MODE = wholemodule;
				SWIFT_OPTIMIZATION_LEVEL = "-O";
				VALIDATE_PRODUCT = YES;
			};
			name = Release;
		};
		2207360C2DCFB08700B29459 /* Debug */ = {
			isa = XCBuildConfiguration;
			buildSettings = {
				ASSETCATALOG_COMPILER_APPICON_NAME = AppIcon;
				ASSETCATALOG_COMPILER_GLOBAL_ACCENT_COLOR_NAME = AccentColor;
				CODE_SIGN_STYLE = Automatic;
				CURRENT_PROJECT_VERSION = 1;
				GENERATE_INFOPLIST_FILE = YES;
				INFOPLIST_FILE = Sports/Info.plist;
				INFOPLIST_KEY_UIApplicationSupportsIndirectInputEvents = YES;
				INFOPLIST_KEY_UILaunchStoryboardName = LaunchScreen;
				INFOPLIST_KEY_UIMainStoryboardFile = Main;
				INFOPLIST_KEY_UISupportedInterfaceOrientations_iPad = "UIInterfaceOrientationPortrait UIInterfaceOrientationPortraitUpsideDown UIInterfaceOrientationLandscapeLeft UIInterfaceOrientationLandscapeRight";
				INFOPLIST_KEY_UISupportedInterfaceOrientations_iPhone = "UIInterfaceOrientationPortrait UIInterfaceOrientationLandscapeLeft UIInterfaceOrientationLandscapeRight";
				LD_RUNPATH_SEARCH_PATHS = (
					"$(inherited)",
					"@executable_path/Frameworks",
				);
				MARKETING_VERSION = 1.0;
				PRODUCT_BUNDLE_IDENTIFIER = iti.Sports;
				PRODUCT_NAME = "$(TARGET_NAME)";
				SWIFT_EMIT_LOC_STRINGS = YES;
				SWIFT_VERSION = 5.0;
				TARGETED_DEVICE_FAMILY = "1,2";
			};
			name = Debug;
		};
		2207360D2DCFB08700B29459 /* Release */ = {
			isa = XCBuildConfiguration;
			buildSettings = {
				ASSETCATALOG_COMPILER_APPICON_NAME = AppIcon;
				ASSETCATALOG_COMPILER_GLOBAL_ACCENT_COLOR_NAME = AccentColor;
				CODE_SIGN_STYLE = Automatic;
				CURRENT_PROJECT_VERSION = 1;
				GENERATE_INFOPLIST_FILE = YES;
				INFOPLIST_FILE = Sports/Info.plist;
				INFOPLIST_KEY_UIApplicationSupportsIndirectInputEvents = YES;
				INFOPLIST_KEY_UILaunchStoryboardName = LaunchScreen;
				INFOPLIST_KEY_UIMainStoryboardFile = Main;
				INFOPLIST_KEY_UISupportedInterfaceOrientations_iPad = "UIInterfaceOrientationPortrait UIInterfaceOrientationPortraitUpsideDown UIInterfaceOrientationLandscapeLeft UIInterfaceOrientationLandscapeRight";
				INFOPLIST_KEY_UISupportedInterfaceOrientations_iPhone = "UIInterfaceOrientationPortrait UIInterfaceOrientationLandscapeLeft UIInterfaceOrientationLandscapeRight";
				LD_RUNPATH_SEARCH_PATHS = (
					"$(inherited)",
					"@executable_path/Frameworks",
				);
				MARKETING_VERSION = 1.0;
				PRODUCT_BUNDLE_IDENTIFIER = iti.Sports;
				PRODUCT_NAME = "$(TARGET_NAME)";
				SWIFT_EMIT_LOC_STRINGS = YES;
				SWIFT_VERSION = 5.0;
				TARGETED_DEVICE_FAMILY = "1,2";
			};
			name = Release;
		};
		2207360F2DCFB08700B29459 /* Debug */ = {
			isa = XCBuildConfiguration;
			buildSettings = {
				ALWAYS_EMBED_SWIFT_STANDARD_LIBRARIES = YES;
				BUNDLE_LOADER = "$(TEST_HOST)";
				CODE_SIGN_STYLE = Automatic;
				CURRENT_PROJECT_VERSION = 1;
				GENERATE_INFOPLIST_FILE = YES;
				IPHONEOS_DEPLOYMENT_TARGET = 16.2;
				MARKETING_VERSION = 1.0;
				PRODUCT_BUNDLE_IDENTIFIER = iti.SportsTests;
				PRODUCT_NAME = "$(TARGET_NAME)";
				SWIFT_EMIT_LOC_STRINGS = NO;
				SWIFT_VERSION = 5.0;
				TARGETED_DEVICE_FAMILY = "1,2";
				TEST_HOST = "$(BUILT_PRODUCTS_DIR)/Sports.app/$(BUNDLE_EXECUTABLE_FOLDER_PATH)/Sports";
			};
			name = Debug;
		};
		220736102DCFB08700B29459 /* Release */ = {
			isa = XCBuildConfiguration;
			buildSettings = {
				ALWAYS_EMBED_SWIFT_STANDARD_LIBRARIES = YES;
				BUNDLE_LOADER = "$(TEST_HOST)";
				CODE_SIGN_STYLE = Automatic;
				CURRENT_PROJECT_VERSION = 1;
				GENERATE_INFOPLIST_FILE = YES;
				IPHONEOS_DEPLOYMENT_TARGET = 16.2;
				MARKETING_VERSION = 1.0;
				PRODUCT_BUNDLE_IDENTIFIER = iti.SportsTests;
				PRODUCT_NAME = "$(TARGET_NAME)";
				SWIFT_EMIT_LOC_STRINGS = NO;
				SWIFT_VERSION = 5.0;
				TARGETED_DEVICE_FAMILY = "1,2";
				TEST_HOST = "$(BUILT_PRODUCTS_DIR)/Sports.app/$(BUNDLE_EXECUTABLE_FOLDER_PATH)/Sports";
			};
			name = Release;
		};
		220736122DCFB08700B29459 /* Debug */ = {
			isa = XCBuildConfiguration;
			buildSettings = {
				ALWAYS_EMBED_SWIFT_STANDARD_LIBRARIES = YES;
				CODE_SIGN_STYLE = Automatic;
				CURRENT_PROJECT_VERSION = 1;
				GENERATE_INFOPLIST_FILE = YES;
				MARKETING_VERSION = 1.0;
				PRODUCT_BUNDLE_IDENTIFIER = iti.SportsUITests;
				PRODUCT_NAME = "$(TARGET_NAME)";
				SWIFT_EMIT_LOC_STRINGS = NO;
				SWIFT_VERSION = 5.0;
				TARGETED_DEVICE_FAMILY = "1,2";
				TEST_TARGET_NAME = Sports;
			};
			name = Debug;
		};
		220736132DCFB08700B29459 /* Release */ = {
			isa = XCBuildConfiguration;
			buildSettings = {
				ALWAYS_EMBED_SWIFT_STANDARD_LIBRARIES = YES;
				CODE_SIGN_STYLE = Automatic;
				CURRENT_PROJECT_VERSION = 1;
				GENERATE_INFOPLIST_FILE = YES;
				MARKETING_VERSION = 1.0;
				PRODUCT_BUNDLE_IDENTIFIER = iti.SportsUITests;
				PRODUCT_NAME = "$(TARGET_NAME)";
				SWIFT_EMIT_LOC_STRINGS = NO;
				SWIFT_VERSION = 5.0;
				TARGETED_DEVICE_FAMILY = "1,2";
				TEST_TARGET_NAME = Sports;
			};
			name = Release;
		};
/* End XCBuildConfiguration section */

/* Begin XCConfigurationList section */
		220735D92DCFB08600B29459 /* Build configuration list for PBXProject "Sports" */ = {
			isa = XCConfigurationList;
			buildConfigurations = (
				220736092DCFB08700B29459 /* Debug */,
				2207360A2DCFB08700B29459 /* Release */,
			);
			defaultConfigurationIsVisible = 0;
			defaultConfigurationName = Release;
		};
		2207360B2DCFB08700B29459 /* Build configuration list for PBXNativeTarget "Sports" */ = {
			isa = XCConfigurationList;
			buildConfigurations = (
				2207360C2DCFB08700B29459 /* Debug */,
				2207360D2DCFB08700B29459 /* Release */,
			);
			defaultConfigurationIsVisible = 0;
			defaultConfigurationName = Release;
		};
		2207360E2DCFB08700B29459 /* Build configuration list for PBXNativeTarget "SportsTests" */ = {
			isa = XCConfigurationList;
			buildConfigurations = (
				2207360F2DCFB08700B29459 /* Debug */,
				220736102DCFB08700B29459 /* Release */,
			);
			defaultConfigurationIsVisible = 0;
			defaultConfigurationName = Release;
		};
		220736112DCFB08700B29459 /* Build configuration list for PBXNativeTarget "SportsUITests" */ = {
			isa = XCConfigurationList;
			buildConfigurations = (
				220736122DCFB08700B29459 /* Debug */,
				220736132DCFB08700B29459 /* Release */,
			);
			defaultConfigurationIsVisible = 0;
			defaultConfigurationName = Release;
		};
/* End XCConfigurationList section */

/* Begin XCRemoteSwiftPackageReference section */
		2286348F2DDD151300D86A73 /* XCRemoteSwiftPackageReference "Reachability" */ = {
			isa = XCRemoteSwiftPackageReference;
			repositoryURL = "https://github.com/ashleymills/Reachability.swift";
			requirement = {
				branch = master;
				kind = branch;
			};
		};
		228730472DDDB86000381103 /* XCRemoteSwiftPackageReference "lottie-spm" */ = {
			isa = XCRemoteSwiftPackageReference;
			repositoryURL = "https://github.com/airbnb/lottie-spm.git";
			requirement = {
				kind = upToNextMajorVersion;
				minimumVersion = 4.0.0;
			};
		};
		22C8A3FB2DD3C182000E5545 /* XCRemoteSwiftPackageReference "Alamofire" */ = {
			isa = XCRemoteSwiftPackageReference;
			repositoryURL = "https://github.com/Alamofire/Alamofire";
			requirement = {
				kind = upToNextMajorVersion;
				minimumVersion = 5.0.0;
			};
		};
		22C8A40B2DD3D10A000E5545 /* XCRemoteSwiftPackageReference "Kingfisher" */ = {
			isa = XCRemoteSwiftPackageReference;
			repositoryURL = "https://github.com/onevcat/Kingfisher.git";
			requirement = {
				kind = upToNextMajorVersion;
				minimumVersion = 6.0.0;
			};
		};
/* End XCRemoteSwiftPackageReference section */

/* Begin XCSwiftPackageProductDependency section */
		228634902DDD151300D86A73 /* Reachability */ = {
			isa = XCSwiftPackageProductDependency;
			package = 2286348F2DDD151300D86A73 /* XCRemoteSwiftPackageReference "Reachability" */;
			productName = Reachability;
		};
		228730482DDDB86000381103 /* Lottie */ = {
			isa = XCSwiftPackageProductDependency;
			package = 228730472DDDB86000381103 /* XCRemoteSwiftPackageReference "lottie-spm" */;
			productName = Lottie;
		};
		22C8A3FC2DD3C182000E5545 /* Alamofire */ = {
			isa = XCSwiftPackageProductDependency;
			package = 22C8A3FB2DD3C182000E5545 /* XCRemoteSwiftPackageReference "Alamofire" */;
			productName = Alamofire;
		};
		22C8A40C2DD3D10A000E5545 /* Kingfisher */ = {
			isa = XCSwiftPackageProductDependency;
			package = 22C8A40B2DD3D10A000E5545 /* XCRemoteSwiftPackageReference "Kingfisher" */;
			productName = Kingfisher;
		};
/* End XCSwiftPackageProductDependency section */

/* Begin XCVersionGroup section */
		2287327B2DDE0B5F00381103 /* LeaguesCoreModel.xcdatamodeld */ = {
			isa = XCVersionGroup;
			children = (
				2287327C2DDE0B5F00381103 /* LeaguesCoreModel.xcdatamodel */,
			);
			currentVersion = 2287327C2DDE0B5F00381103 /* LeaguesCoreModel.xcdatamodel */;
			path = LeaguesCoreModel.xcdatamodeld;
			sourceTree = "<group>";
			versionGroupType = wrapper.xcdatamodel;
		};
/* End XCVersionGroup section */
	};
	rootObject = 220735D62DCFB08600B29459 /* Project object */;
}
