// !$*UTF8*$!
{
	archiveVersion = 1;
	classes = {
	};
	objectVersion = 56;
	objects = {

/* Begin PBXBuildFile section */
		220735E22DCFB08600B29459 /* AppDelegate.swift in Sources */ = {isa = PBXBuildFile; fileRef = 220735E12DCFB08600B29459 /* AppDelegate.swift */; };
		220735E42DCFB08600B29459 /* SceneDelegate.swift in Sources */ = {isa = PBXBuildFile; fileRef = 220735E32DCFB08600B29459 /* SceneDelegate.swift */; };
		220735E62DCFB08600B29459 /* ViewController.swift in Sources */ = {isa = PBXBuildFile; fileRef = 220735E52DCFB08600B29459 /* ViewController.swift */; };
		220735E92DCFB08600B29459 /* Main.storyboard in Resources */ = {isa = PBXBuildFile; fileRef = 220735E72DCFB08600B29459 /* Main.storyboard */; };
		220735EE2DCFB08700B29459 /* Assets.xcassets in Resources */ = {isa = PBXBuildFile; fileRef = 220735ED2DCFB08700B29459 /* Assets.xcassets */; };
		220735F12DCFB08700B29459 /* LaunchScreen.storyboard in Resources */ = {isa = PBXBuildFile; fileRef = 220735EF2DCFB08700B29459 /* LaunchScreen.storyboard */; };
		220735FC2DCFB08700B29459 /* SportsTests.swift in Sources */ = {isa = PBXBuildFile; fileRef = 220735FB2DCFB08700B29459 /* SportsTests.swift */; };
		220736062DCFB08700B29459 /* SportsUITests.swift in Sources */ = {isa = PBXBuildFile; fileRef = 220736052DCFB08700B29459 /* SportsUITests.swift */; };
		220736082DCFB08700B29459 /* SportsUITestsLaunchTests.swift in Sources */ = {isa = PBXBuildFile; fileRef = 220736072DCFB08700B29459 /* SportsUITestsLaunchTests.swift */; };
		2240E49E2DD236C80076FDA1 /* PlayerTableViewCell.swift in Sources */ = {isa = PBXBuildFile; fileRef = 2240E49C2DD236C80076FDA1 /* PlayerTableViewCell.swift */; };
		2240E49F2DD236C80076FDA1 /* PlayerTableViewCell.xib in Resources */ = {isa = PBXBuildFile; fileRef = 2240E49D2DD236C80076FDA1 /* PlayerTableViewCell.xib */; };
		2240E4A12DD23B7D0076FDA1 /* TeamDetailsViewController.swift in Sources */ = {isa = PBXBuildFile; fileRef = 2240E4A02DD23B7D0076FDA1 /* TeamDetailsViewController.swift */; };
		2247201A2DD0ED96004D4D99 /* SportsCollectionViewCell.swift in Sources */ = {isa = PBXBuildFile; fileRef = 224720192DD0ED96004D4D99 /* SportsCollectionViewCell.swift */; };
		227CBEDF2DD13E9800954BF8 /* LeaguesTableViewController.swift in Sources */ = {isa = PBXBuildFile; fileRef = 227CBEDE2DD13E9800954BF8 /* LeaguesTableViewController.swift */; };
		227CBEE82DD142A000954BF8 /* LeagueTableCell.swift in Sources */ = {isa = PBXBuildFile; fileRef = 227CBEE62DD142A000954BF8 /* LeagueTableCell.swift */; };
		227CBEE92DD142A000954BF8 /* LeagueTableCell.xib in Resources */ = {isa = PBXBuildFile; fileRef = 227CBEE72DD142A000954BF8 /* LeagueTableCell.xib */; };
		22A3D9AC2DD35BB100AC2319 /* SectionHeaderView.swift in Sources */ = {isa = PBXBuildFile; fileRef = 22A3D9A12DD35BAB00AC2319 /* SectionHeaderView.swift */; };
		22A3D9AD2DD35BB100AC2319 /* SectionHeaderView.xib in Resources */ = {isa = PBXBuildFile; fileRef = 22A3D9A22DD35BAC00AC2319 /* SectionHeaderView.xib */; };
		22A3D9AE2DD35BB100AC2319 /* TeamCollectionViewCell.xib in Resources */ = {isa = PBXBuildFile; fileRef = 22A3D9A32DD35BAC00AC2319 /* TeamCollectionViewCell.xib */; };
		22A3D9B02DD35BB100AC2319 /* TeamCollectionViewCell.swift in Sources */ = {isa = PBXBuildFile; fileRef = 22A3D9A52DD35BAD00AC2319 /* TeamCollectionViewCell.swift */; };
		22A3D9B12DD35BB100AC2319 /* DetailsCollectionViewCell.xib in Resources */ = {isa = PBXBuildFile; fileRef = 22A3D9A62DD35BAE00AC2319 /* DetailsCollectionViewCell.xib */; };
		22A3D9B22DD35BB100AC2319 /* DetailsCollectionViewCell.swift in Sources */ = {isa = PBXBuildFile; fileRef = 22A3D9A72DD35BAE00AC2319 /* DetailsCollectionViewCell.swift */; };
		22A3D9B42DD35BB100AC2319 /* FavTableViewController.swift in Sources */ = {isa = PBXBuildFile; fileRef = 22A3D9A92DD35BAF00AC2319 /* FavTableViewController.swift */; };
		22A3D9B62DD35BB100AC2319 /* DetailsCollectionViewController.swift in Sources */ = {isa = PBXBuildFile; fileRef = 22A3D9AB2DD35BB000AC2319 /* DetailsCollectionViewController.swift */; };
		22A3D9BB2DD35DB300AC2319 /* CollectionItemsFunctions.swift in Sources */ = {isa = PBXBuildFile; fileRef = 22A3D9BA2DD35DB300AC2319 /* CollectionItemsFunctions.swift */; };
		22B2E5472DD688A40046D3DA /* PageViewController.swift in Sources */ = {isa = PBXBuildFile; fileRef = 22B2E5462DD688A40046D3DA /* PageViewController.swift */; };
		22B5821B2DD7892A002576FD /* FirstOnBoardingViewController.swift in Sources */ = {isa = PBXBuildFile; fileRef = 22B5821A2DD7892A002576FD /* FirstOnBoardingViewController.swift */; };
		22B5821D2DD78943002576FD /* SecondOnBoardingViewController.swift in Sources */ = {isa = PBXBuildFile; fileRef = 22B5821C2DD78943002576FD /* SecondOnBoardingViewController.swift */; };
		22B5821F2DD78961002576FD /* ThirdOnBoardingViewController.swift in Sources */ = {isa = PBXBuildFile; fileRef = 22B5821E2DD78961002576FD /* ThirdOnBoardingViewController.swift */; };
		22C8A3FD2DD3C182000E5545 /* Alamofire in Frameworks */ = {isa = PBXBuildFile; productRef = 22C8A3FC2DD3C182000E5545 /* Alamofire */; };
		22C8A4002DD3C336000E5545 /* NetworkService.swift in Sources */ = {isa = PBXBuildFile; fileRef = 22C8A3FF2DD3C336000E5545 /* NetworkService.swift */; };
		22C8A4072DD3CB81000E5545 /* League.swift in Sources */ = {isa = PBXBuildFile; fileRef = 22C8A4052DD3CB81000E5545 /* League.swift */; };
		22C8A4082DD3CB81000E5545 /* LeaguesResponse.swift in Sources */ = {isa = PBXBuildFile; fileRef = 22C8A4062DD3CB81000E5545 /* LeaguesResponse.swift */; };
		22C8A40A2DD3CFB9000E5545 /* LeaguesPresenter.swift in Sources */ = {isa = PBXBuildFile; fileRef = 22C8A4092DD3CFB9000E5545 /* LeaguesPresenter.swift */; };
		22C8A40D2DD3D10A000E5545 /* Kingfisher in Frameworks */ = {isa = PBXBuildFile; productRef = 22C8A40C2DD3D10A000E5545 /* Kingfisher */; };
/* End PBXBuildFile section */

/* Begin PBXContainerItemProxy section */
		220735F82DCFB08700B29459 /* PBXContainerItemProxy */ = {
			isa = PBXContainerItemProxy;
			containerPortal = 220735D62DCFB08600B29459 /* Project object */;
			proxyType = 1;
			remoteGlobalIDString = 220735DD2DCFB08600B29459;
			remoteInfo = Sports;
		};
		220736022DCFB08700B29459 /* PBXContainerItemProxy */ = {
			isa = PBXContainerItemProxy;
			containerPortal = 220735D62DCFB08600B29459 /* Project object */;
			proxyType = 1;
			remoteGlobalIDString = 220735DD2DCFB08600B29459;
			remoteInfo = Sports;
		};
/* End PBXContainerItemProxy section */

/* Begin PBXFileReference section */
		220735DE2DCFB08600B29459 /* Sports.app */ = {isa = PBXFileReference; explicitFileType = wrapper.application; includeInIndex = 0; path = Sports.app; sourceTree = BUILT_PRODUCTS_DIR; };
		220735E12DCFB08600B29459 /* AppDelegate.swift */ = {isa = PBXFileReference; lastKnownFileType = sourcecode.swift; path = AppDelegate.swift; sourceTree = "<group>"; };
		220735E32DCFB08600B29459 /* SceneDelegate.swift */ = {isa = PBXFileReference; lastKnownFileType = sourcecode.swift; path = SceneDelegate.swift; sourceTree = "<group>"; };
		220735E52DCFB08600B29459 /* ViewController.swift */ = {isa = PBXFileReference; lastKnownFileType = sourcecode.swift; path = ViewController.swift; sourceTree = "<group>"; };
		220735E82DCFB08600B29459 /* Base */ = {isa = PBXFileReference; lastKnownFileType = file.storyboard; name = Base; path = Base.lproj/Main.storyboard; sourceTree = "<group>"; };
		220735ED2DCFB08700B29459 /* Assets.xcassets */ = {isa = PBXFileReference; lastKnownFileType = folder.assetcatalog; path = Assets.xcassets; sourceTree = "<group>"; };
		220735F02DCFB08700B29459 /* Base */ = {isa = PBXFileReference; lastKnownFileType = file.storyboard; name = Base; path = Base.lproj/LaunchScreen.storyboard; sourceTree = "<group>"; };
		220735F22DCFB08700B29459 /* Info.plist */ = {isa = PBXFileReference; lastKnownFileType = text.plist.xml; path = Info.plist; sourceTree = "<group>"; };
		220735F72DCFB08700B29459 /* SportsTests.xctest */ = {isa = PBXFileReference; explicitFileType = wrapper.cfbundle; includeInIndex = 0; path = SportsTests.xctest; sourceTree = BUILT_PRODUCTS_DIR; };
		220735FB2DCFB08700B29459 /* SportsTests.swift */ = {isa = PBXFileReference; lastKnownFileType = sourcecode.swift; path = SportsTests.swift; sourceTree = "<group>"; };
		220736012DCFB08700B29459 /* SportsUITests.xctest */ = {isa = PBXFileReference; explicitFileType = wrapper.cfbundle; includeInIndex = 0; path = SportsUITests.xctest; sourceTree = BUILT_PRODUCTS_DIR; };
		220736052DCFB08700B29459 /* SportsUITests.swift */ = {isa = PBXFileReference; lastKnownFileType = sourcecode.swift; path = SportsUITests.swift; sourceTree = "<group>"; };
		220736072DCFB08700B29459 /* SportsUITestsLaunchTests.swift */ = {isa = PBXFileReference; lastKnownFileType = sourcecode.swift; path = SportsUITestsLaunchTests.swift; sourceTree = "<group>"; };
		2240E49C2DD236C80076FDA1 /* PlayerTableViewCell.swift */ = {isa = PBXFileReference; lastKnownFileType = sourcecode.swift; path = PlayerTableViewCell.swift; sourceTree = "<group>"; };
		2240E49D2DD236C80076FDA1 /* PlayerTableViewCell.xib */ = {isa = PBXFileReference; lastKnownFileType = file.xib; path = PlayerTableViewCell.xib; sourceTree = "<group>"; };
		2240E4A02DD23B7D0076FDA1 /* TeamDetailsViewController.swift */ = {isa = PBXFileReference; lastKnownFileType = sourcecode.swift; path = TeamDetailsViewController.swift; sourceTree = "<group>"; };
		224720192DD0ED96004D4D99 /* SportsCollectionViewCell.swift */ = {isa = PBXFileReference; lastKnownFileType = sourcecode.swift; path = SportsCollectionViewCell.swift; sourceTree = "<group>"; };
		227CBEDE2DD13E9800954BF8 /* LeaguesTableViewController.swift */ = {isa = PBXFileReference; lastKnownFileType = sourcecode.swift; path = LeaguesTableViewController.swift; sourceTree = "<group>"; };
		227CBEE62DD142A000954BF8 /* LeagueTableCell.swift */ = {isa = PBXFileReference; lastKnownFileType = sourcecode.swift; path = LeagueTableCell.swift; sourceTree = "<group>"; };
		227CBEE72DD142A000954BF8 /* LeagueTableCell.xib */ = {isa = PBXFileReference; lastKnownFileType = file.xib; path = LeagueTableCell.xib; sourceTree = "<group>"; };
		22A3D9A12DD35BAB00AC2319 /* SectionHeaderView.swift */ = {isa = PBXFileReference; fileEncoding = 4; lastKnownFileType = sourcecode.swift; path = SectionHeaderView.swift; sourceTree = "<group>"; };
		22A3D9A22DD35BAC00AC2319 /* SectionHeaderView.xib */ = {isa = PBXFileReference; fileEncoding = 4; lastKnownFileType = file.xib; path = SectionHeaderView.xib; sourceTree = "<group>"; };
		22A3D9A32DD35BAC00AC2319 /* TeamCollectionViewCell.xib */ = {isa = PBXFileReference; fileEncoding = 4; lastKnownFileType = file.xib; path = TeamCollectionViewCell.xib; sourceTree = "<group>"; };
		22A3D9A52DD35BAD00AC2319 /* TeamCollectionViewCell.swift */ = {isa = PBXFileReference; fileEncoding = 4; lastKnownFileType = sourcecode.swift; path = TeamCollectionViewCell.swift; sourceTree = "<group>"; };
		22A3D9A62DD35BAE00AC2319 /* DetailsCollectionViewCell.xib */ = {isa = PBXFileReference; fileEncoding = 4; lastKnownFileType = file.xib; path = DetailsCollectionViewCell.xib; sourceTree = "<group>"; };
		22A3D9A72DD35BAE00AC2319 /* DetailsCollectionViewCell.swift */ = {isa = PBXFileReference; fileEncoding = 4; lastKnownFileType = sourcecode.swift; path = DetailsCollectionViewCell.swift; sourceTree = "<group>"; };
		22A3D9A92DD35BAF00AC2319 /* FavTableViewController.swift */ = {isa = PBXFileReference; fileEncoding = 4; lastKnownFileType = sourcecode.swift; path = FavTableViewController.swift; sourceTree = "<group>"; };
		22A3D9AB2DD35BB000AC2319 /* DetailsCollectionViewController.swift */ = {isa = PBXFileReference; fileEncoding = 4; lastKnownFileType = sourcecode.swift; path = DetailsCollectionViewController.swift; sourceTree = "<group>"; };
		22A3D9BA2DD35DB300AC2319 /* CollectionItemsFunctions.swift */ = {isa = PBXFileReference; lastKnownFileType = sourcecode.swift; path = CollectionItemsFunctions.swift; sourceTree = "<group>"; };
		22B2E5462DD688A40046D3DA /* PageViewController.swift */ = {isa = PBXFileReference; lastKnownFileType = sourcecode.swift; path = PageViewController.swift; sourceTree = "<group>"; };
		22B5821A2DD7892A002576FD /* FirstOnBoardingViewController.swift */ = {isa = PBXFileReference; lastKnownFileType = sourcecode.swift; path = FirstOnBoardingViewController.swift; sourceTree = "<group>"; };
		22B5821C2DD78943002576FD /* SecondOnBoardingViewController.swift */ = {isa = PBXFileReference; lastKnownFileType = sourcecode.swift; path = SecondOnBoardingViewController.swift; sourceTree = "<group>"; };
		22B5821E2DD78961002576FD /* ThirdOnBoardingViewController.swift */ = {isa = PBXFileReference; lastKnownFileType = sourcecode.swift; path = ThirdOnBoardingViewController.swift; sourceTree = "<group>"; };
		22C8A3FF2DD3C336000E5545 /* NetworkService.swift */ = {isa = PBXFileReference; lastKnownFileType = sourcecode.swift; path = NetworkService.swift; sourceTree = "<group>"; };
		22C8A4052DD3CB81000E5545 /* League.swift */ = {isa = PBXFileReference; fileEncoding = 4; lastKnownFileType = sourcecode.swift; path = League.swift; sourceTree = "<group>"; };
		22C8A4062DD3CB81000E5545 /* LeaguesResponse.swift */ = {isa = PBXFileReference; fileEncoding = 4; lastKnownFileType = sourcecode.swift; path = LeaguesResponse.swift; sourceTree = "<group>"; };
		22C8A4092DD3CFB9000E5545 /* LeaguesPresenter.swift */ = {isa = PBXFileReference; lastKnownFileType = sourcecode.swift; path = LeaguesPresenter.swift; sourceTree = "<group>"; };
/* End PBXFileReference section */

/* Begin PBXFrameworksBuildPhase section */
		220735DB2DCFB08600B29459 /* Frameworks */ = {
			isa = PBXFrameworksBuildPhase;
			buildActionMask = 2147483647;
			files = (
				22C8A40D2DD3D10A000E5545 /* Kingfisher in Frameworks */,
				22C8A3FD2DD3C182000E5545 /* Alamofire in Frameworks */,
			);
			runOnlyForDeploymentPostprocessing = 0;
		};
		220735F42DCFB08700B29459 /* Frameworks */ = {
			isa = PBXFrameworksBuildPhase;
			buildActionMask = 2147483647;
			files = (
			);
			runOnlyForDeploymentPostprocessing = 0;
		};
		220735FE2DCFB08700B29459 /* Frameworks */ = {
			isa = PBXFrameworksBuildPhase;
			buildActionMask = 2147483647;
			files = (
			);
			runOnlyForDeploymentPostprocessing = 0;
		};
/* End PBXFrameworksBuildPhase section */

/* Begin PBXGroup section */
		220735D52DCFB08600B29459 = {
			isa = PBXGroup;
			children = (
				220735E02DCFB08600B29459 /* Sports */,
				220735FA2DCFB08700B29459 /* SportsTests */,
				220736042DCFB08700B29459 /* SportsUITests */,
				220735DF2DCFB08600B29459 /* Products */,
			);
			sourceTree = "<group>";
		};
		220735DF2DCFB08600B29459 /* Products */ = {
			isa = PBXGroup;
			children = (
				220735DE2DCFB08600B29459 /* Sports.app */,
				220735F72DCFB08700B29459 /* SportsTests.xctest */,
				220736012DCFB08700B29459 /* SportsUITests.xctest */,
			);
			name = Products;
			sourceTree = "<group>";
		};
		220735E02DCFB08600B29459 /* Sports */ = {
			isa = PBXGroup;
			children = (
				22A3D9C02DD3716500AC2319 /* Model */,
				22A3D9BF2DD3715200AC2319 /* Presenter */,
				22A3D9B92DD35D8C00AC2319 /* Sports Utils */,
				22A3D9BC2DD370D900AC2319 /* View */,
				22A3D9BD2DD3711600AC2319 /* App */,
				22A3D9C12DD3716F00AC2319 /* SupportFiles */,
				220735F22DCFB08700B29459 /* Info.plist */,
			);
			path = Sports;
			sourceTree = "<group>";
		};
		220735FA2DCFB08700B29459 /* SportsTests */ = {
			isa = PBXGroup;
			children = (
				220735FB2DCFB08700B29459 /* SportsTests.swift */,
			);
			path = SportsTests;
			sourceTree = "<group>";
		};
		220736042DCFB08700B29459 /* SportsUITests */ = {
			isa = PBXGroup;
			children = (
				220736052DCFB08700B29459 /* SportsUITests.swift */,
				220736072DCFB08700B29459 /* SportsUITestsLaunchTests.swift */,
			);
			path = SportsUITests;
			sourceTree = "<group>";
		};
		22A3D9B92DD35D8C00AC2319 /* Sports Utils */ = {
			isa = PBXGroup;
			children = (
				22A3D9BA2DD35DB300AC2319 /* CollectionItemsFunctions.swift */,
			);
			path = "Sports Utils";
			sourceTree = "<group>";
		};
		22A3D9BC2DD370D900AC2319 /* View */ = {
			isa = PBXGroup;
			children = (
				22A3D9A72DD35BAE00AC2319 /* DetailsCollectionViewCell.swift */,
				22A3D9A62DD35BAE00AC2319 /* DetailsCollectionViewCell.xib */,
				22A3D9AB2DD35BB000AC2319 /* DetailsCollectionViewController.swift */,
				22A3D9A92DD35BAF00AC2319 /* FavTableViewController.swift */,
				22A3D9A12DD35BAB00AC2319 /* SectionHeaderView.swift */,
				22A3D9A22DD35BAC00AC2319 /* SectionHeaderView.xib */,
				22A3D9A52DD35BAD00AC2319 /* TeamCollectionViewCell.swift */,
				22A3D9A32DD35BAC00AC2319 /* TeamCollectionViewCell.xib */,
				220735E52DCFB08600B29459 /* ViewController.swift */,
				220735E72DCFB08600B29459 /* Main.storyboard */,
				220735EF2DCFB08700B29459 /* LaunchScreen.storyboard */,
				224720192DD0ED96004D4D99 /* SportsCollectionViewCell.swift */,
				227CBEDE2DD13E9800954BF8 /* LeaguesTableViewController.swift */,
				227CBEE62DD142A000954BF8 /* LeagueTableCell.swift */,
				227CBEE72DD142A000954BF8 /* LeagueTableCell.xib */,
				2240E49C2DD236C80076FDA1 /* PlayerTableViewCell.swift */,
				2240E49D2DD236C80076FDA1 /* PlayerTableViewCell.xib */,
				2240E4A02DD23B7D0076FDA1 /* TeamDetailsViewController.swift */,
				22B2E5462DD688A40046D3DA /* PageViewController.swift */,
				22B5821A2DD7892A002576FD /* FirstOnBoardingViewController.swift */,
				22B5821C2DD78943002576FD /* SecondOnBoardingViewController.swift */,
				22B5821E2DD78961002576FD /* ThirdOnBoardingViewController.swift */,
			);
			path = View;
			sourceTree = "<group>";
		};
		22A3D9BD2DD3711600AC2319 /* App */ = {
			isa = PBXGroup;
			children = (
				220735E12DCFB08600B29459 /* AppDelegate.swift */,
				220735E32DCFB08600B29459 /* SceneDelegate.swift */,
			);
			path = App;
			sourceTree = "<group>";
		};
		22A3D9BF2DD3715200AC2319 /* Presenter */ = {
			isa = PBXGroup;
			children = (
				22C8A4092DD3CFB9000E5545 /* LeaguesPresenter.swift */,
			);
			path = Presenter;
			sourceTree = "<group>";
		};
		22A3D9C02DD3716500AC2319 /* Model */ = {
			isa = PBXGroup;
			children = (
				22C8A4052DD3CB81000E5545 /* League.swift */,
				22C8A4062DD3CB81000E5545 /* LeaguesResponse.swift */,
				22C8A3FE2DD3C30A000E5545 /* Service */,
			);
			path = Model;
			sourceTree = "<group>";
		};
		22A3D9C12DD3716F00AC2319 /* SupportFiles */ = {
			isa = PBXGroup;
			children = (
				220735ED2DCFB08700B29459 /* Assets.xcassets */,
			);
			path = SupportFiles;
			sourceTree = "<group>";
		};
		22C8A3FE2DD3C30A000E5545 /* Service */ = {
			isa = PBXGroup;
			children = (
				22C8A3FF2DD3C336000E5545 /* NetworkService.swift */,
			);
			path = Service;
			sourceTree = "<group>";
		};
/* End PBXGroup section */

/* Begin PBXNativeTarget section */
		220735DD2DCFB08600B29459 /* Sports */ = {
			isa = PBXNativeTarget;
			buildConfigurationList = 2207360B2DCFB08700B29459 /* Build configuration list for PBXNativeTarget "Sports" */;
			buildPhases = (
				220735DA2DCFB08600B29459 /* Sources */,
				220735DB2DCFB08600B29459 /* Frameworks */,
				220735DC2DCFB08600B29459 /* Resources */,
			);
			buildRules = (
			);
			dependencies = (
			);
			name = Sports;
			packageProductDependencies = (
				22C8A3FC2DD3C182000E5545 /* Alamofire */,
				22C8A40C2DD3D10A000E5545 /* Kingfisher */,
			);
			productName = Sports;
			productReference = 220735DE2DCFB08600B29459 /* Sports.app */;
			productType = "com.apple.product-type.application";
		};
		220735F62DCFB08700B29459 /* SportsTests */ = {
			isa = PBXNativeTarget;
			buildConfigurationList = 2207360E2DCFB08700B29459 /* Build configuration list for PBXNativeTarget "SportsTests" */;
			buildPhases = (
				220735F32DCFB08700B29459 /* Sources */,
				220735F42DCFB08700B29459 /* Frameworks */,
				220735F52DCFB08700B29459 /* Resources */,
			);
			buildRules = (
			);
			dependencies = (
				220735F92DCFB08700B29459 /* PBXTargetDependency */,
			);
			name = SportsTests;
			productName = SportsTests;
			productReference = 220735F72DCFB08700B29459 /* SportsTests.xctest */;
			productType = "com.apple.product-type.bundle.unit-test";
		};
		220736002DCFB08700B29459 /* SportsUITests */ = {
			isa = PBXNativeTarget;
			buildConfigurationList = 220736112DCFB08700B29459 /* Build configuration list for PBXNativeTarget "SportsUITests" */;
			buildPhases = (
				220735FD2DCFB08700B29459 /* Sources */,
				220735FE2DCFB08700B29459 /* Frameworks */,
				220735FF2DCFB08700B29459 /* Resources */,
			);
			buildRules = (
			);
			dependencies = (
				220736032DCFB08700B29459 /* PBXTargetDependency */,
			);
			name = SportsUITests;
			productName = SportsUITests;
			productReference = 220736012DCFB08700B29459 /* SportsUITests.xctest */;
			productType = "com.apple.product-type.bundle.ui-testing";
		};
/* End PBXNativeTarget section */

/* Begin PBXProject section */
		220735D62DCFB08600B29459 /* Project object */ = {
			isa = PBXProject;
			attributes = {
				BuildIndependentTargetsInParallel = 1;
				LastSwiftUpdateCheck = 1420;
				LastUpgradeCheck = 1420;
				TargetAttributes = {
					220735DD2DCFB08600B29459 = {
						CreatedOnToolsVersion = 14.2;
					};
					220735F62DCFB08700B29459 = {
						CreatedOnToolsVersion = 14.2;
						TestTargetID = 220735DD2DCFB08600B29459;
					};
					220736002DCFB08700B29459 = {
						CreatedOnToolsVersion = 14.2;
						TestTargetID = 220735DD2DCFB08600B29459;
					};
				};
			};
			buildConfigurationList = 220735D92DCFB08600B29459 /* Build configuration list for PBXProject "Sports" */;
			compatibilityVersion = "Xcode 14.0";
			developmentRegion = en;
			hasScannedForEncodings = 0;
			knownRegions = (
				en,
				Base,
			);
			mainGroup = 220735D52DCFB08600B29459;
			packageReferences = (
				22C8A3FB2DD3C182000E5545 /* XCRemoteSwiftPackageReference "Alamofire" */,
				22C8A40B2DD3D10A000E5545 /* XCRemoteSwiftPackageReference "Kingfisher" */,
			);
			productRefGroup = 220735DF2DCFB08600B29459 /* Products */;
			projectDirPath = "";
			projectRoot = "";
			targets = (
				220735DD2DCFB08600B29459 /* Sports */,
				220735F62DCFB08700B29459 /* SportsTests */,
				220736002DCFB08700B29459 /* SportsUITests */,
			);
		};
/* End PBXProject section */

/* Begin PBXResourcesBuildPhase section */
		220735DC2DCFB08600B29459 /* Resources */ = {
			isa = PBXResourcesBuildPhase;
			buildActionMask = 2147483647;
			files = (
				220735F12DCFB08700B29459 /* LaunchScreen.storyboard in Resources */,
				22A3D9AE2DD35BB100AC2319 /* TeamCollectionViewCell.xib in Resources */,
				22A3D9B12DD35BB100AC2319 /* DetailsCollectionViewCell.xib in Resources */,
				22A3D9AD2DD35BB100AC2319 /* SectionHeaderView.xib in Resources */,
				220735EE2DCFB08700B29459 /* Assets.xcassets in Resources */,
				2240E49F2DD236C80076FDA1 /* PlayerTableViewCell.xib in Resources */,
				220735E92DCFB08600B29459 /* Main.storyboard in Resources */,
				227CBEE92DD142A000954BF8 /* LeagueTableCell.xib in Resources */,
			);
			runOnlyForDeploymentPostprocessing = 0;
		};
		220735F52DCFB08700B29459 /* Resources */ = {
			isa = PBXResourcesBuildPhase;
			buildActionMask = 2147483647;
			files = (
			);
			runOnlyForDeploymentPostprocessing = 0;
		};
		220735FF2DCFB08700B29459 /* Resources */ = {
			isa = PBXResourcesBuildPhase;
			buildActionMask = 2147483647;
			files = (
			);
			runOnlyForDeploymentPostprocessing = 0;
		};
/* End PBXResourcesBuildPhase section */

/* Begin PBXSourcesBuildPhase section */
		220735DA2DCFB08600B29459 /* Sources */ = {
			isa = PBXSourcesBuildPhase;
			buildActionMask = 2147483647;
			files = (
				22A3D9BB2DD35DB300AC2319 /* CollectionItemsFunctions.swift in Sources */,
				227CBEDF2DD13E9800954BF8 /* LeaguesTableViewController.swift in Sources */,
				22C8A4002DD3C336000E5545 /* NetworkService.swift in Sources */,
				22A3D9B62DD35BB100AC2319 /* DetailsCollectionViewController.swift in Sources */,
				22B5821B2DD7892A002576FD /* FirstOnBoardingViewController.swift in Sources */,
				2247201A2DD0ED96004D4D99 /* SportsCollectionViewCell.swift in Sources */,
				220735E62DCFB08600B29459 /* ViewController.swift in Sources */,
				227CBEE82DD142A000954BF8 /* LeagueTableCell.swift in Sources */,
				2240E49E2DD236C80076FDA1 /* PlayerTableViewCell.swift in Sources */,
				220735E22DCFB08600B29459 /* AppDelegate.swift in Sources */,
				22A3D9AC2DD35BB100AC2319 /* SectionHeaderView.swift in Sources */,
				22C8A4072DD3CB81000E5545 /* League.swift in Sources */,
				22C8A40A2DD3CFB9000E5545 /* LeaguesPresenter.swift in Sources */,
				22A3D9B02DD35BB100AC2319 /* TeamCollectionViewCell.swift in Sources */,
				22C8A4082DD3CB81000E5545 /* LeaguesResponse.swift in Sources */,
				22B2E5472DD688A40046D3DA /* PageViewController.swift in Sources */,
				22A3D9B42DD35BB100AC2319 /* FavTableViewController.swift in Sources */,
				2240E4A12DD23B7D0076FDA1 /* TeamDetailsViewController.swift in Sources */,
				220735E42DCFB08600B29459 /* SceneDelegate.swift in Sources */,
				22B5821F2DD78961002576FD /* ThirdOnBoardingViewController.swift in Sources */,
				22B5821D2DD78943002576FD /* SecondOnBoardingViewController.swift in Sources */,
				22A3D9B22DD35BB100AC2319 /* DetailsCollectionViewCell.swift in Sources */,
			);
			runOnlyForDeploymentPostprocessing = 0;
		};
		220735F32DCFB08700B29459 /* Sources */ = {
			isa = PBXSourcesBuildPhase;
			buildActionMask = 2147483647;
			files = (
				220735FC2DCFB08700B29459 /* SportsTests.swift in Sources */,
			);
			runOnlyForDeploymentPostprocessing = 0;
		};
		220735FD2DCFB08700B29459 /* Sources */ = {
			isa = PBXSourcesBuildPhase;
			buildActionMask = 2147483647;
			files = (
				220736062DCFB08700B29459 /* SportsUITests.swift in Sources */,
				220736082DCFB08700B29459 /* SportsUITestsLaunchTests.swift in Sources */,
			);
			runOnlyForDeploymentPostprocessing = 0;
		};
/* End PBXSourcesBuildPhase section */

/* Begin PBXTargetDependency section */
		220735F92DCFB08700B29459 /* PBXTargetDependency */ = {
			isa = PBXTargetDependency;
			target = 220735DD2DCFB08600B29459 /* Sports */;
			targetProxy = 220735F82DCFB08700B29459 /* PBXContainerItemProxy */;
		};
		220736032DCFB08700B29459 /* PBXTargetDependency */ = {
			isa = PBXTargetDependency;
			target = 220735DD2DCFB08600B29459 /* Sports */;
			targetProxy = 220736022DCFB08700B29459 /* PBXContainerItemProxy */;
		};
/* End PBXTargetDependency section */

/* Begin PBXVariantGroup section */
		220735E72DCFB08600B29459 /* Main.storyboard */ = {
			isa = PBXVariantGroup;
			children = (
				220735E82DCFB08600B29459 /* Base */,
			);
			name = Main.storyboard;
			sourceTree = "<group>";
		};
		220735EF2DCFB08700B29459 /* LaunchScreen.storyboard */ = {
			isa = PBXVariantGroup;
			children = (
				220735F02DCFB08700B29459 /* Base */,
			);
			name = LaunchScreen.storyboard;
			sourceTree = "<group>";
		};
/* End PBXVariantGroup section */

/* Begin XCBuildConfiguration section */
		220736092DCFB08700B29459 /* Debug */ = {
			isa = XCBuildConfiguration;
			buildSettings = {
				ALWAYS_SEARCH_USER_PATHS = NO;
				CLANG_ANALYZER_NONNULL = YES;
				CLANG_ANALYZER_NUMBER_OBJECT_CONVERSION = YES_AGGRESSIVE;
				CLANG_CXX_LANGUAGE_STANDARD = "gnu++20";
				CLANG_ENABLE_MODULES = YES;
				CLANG_ENABLE_OBJC_ARC = YES;
				CLANG_ENABLE_OBJC_WEAK = YES;
				CLANG_WARN_BLOCK_CAPTURE_AUTORELEASING = YES;
				CLANG_WARN_BOOL_CONVERSION = YES;
				CLANG_WARN_COMMA = YES;
				CLANG_WARN_CONSTANT_CONVERSION = YES;
				CLANG_WARN_DEPRECATED_OBJC_IMPLEMENTATIONS = YES;
				CLANG_WARN_DIRECT_OBJC_ISA_USAGE = YES_ERROR;
				CLANG_WARN_DOCUMENTATION_COMMENTS = YES;
				CLANG_WARN_EMPTY_BODY = YES;
				CLANG_WARN_ENUM_CONVERSION = YES;
				CLANG_WARN_INFINITE_RECURSION = YES;
				CLANG_WARN_INT_CONVERSION = YES;
				CLANG_WARN_NON_LITERAL_NULL_CONVERSION = YES;
				CLANG_WARN_OBJC_IMPLICIT_RETAIN_SELF = YES;
				CLANG_WARN_OBJC_LITERAL_CONVERSION = YES;
				CLANG_WARN_OBJC_ROOT_CLASS = YES_ERROR;
				CLANG_WARN_QUOTED_INCLUDE_IN_FRAMEWORK_HEADER = YES;
				CLANG_WARN_RANGE_LOOP_ANALYSIS = YES;
				CLANG_WARN_STRICT_PROTOTYPES = YES;
				CLANG_WARN_SUSPICIOUS_MOVE = YES;
				CLANG_WARN_UNGUARDED_AVAILABILITY = YES_AGGRESSIVE;
				CLANG_WARN_UNREACHABLE_CODE = YES;
				CLANG_WARN__DUPLICATE_METHOD_MATCH = YES;
				COPY_PHASE_STRIP = NO;
				DEBUG_INFORMATION_FORMAT = dwarf;
				ENABLE_STRICT_OBJC_MSGSEND = YES;
				ENABLE_TESTABILITY = YES;
				GCC_C_LANGUAGE_STANDARD = gnu11;
				GCC_DYNAMIC_NO_PIC = NO;
				GCC_NO_COMMON_BLOCKS = YES;
				GCC_OPTIMIZATION_LEVEL = 0;
				GCC_PREPROCESSOR_DEFINITIONS = (
					"DEBUG=1",
					"$(inherited)",
				);
				GCC_WARN_64_TO_32_BIT_CONVERSION = YES;
				GCC_WARN_ABOUT_RETURN_TYPE = YES_ERROR;
				GCC_WARN_UNDECLARED_SELECTOR = YES;
				GCC_WARN_UNINITIALIZED_AUTOS = YES_AGGRESSIVE;
				GCC_WARN_UNUSED_FUNCTION = YES;
				GCC_WARN_UNUSED_VARIABLE = YES;
				IPHONEOS_DEPLOYMENT_TARGET = 16.2;
				MTL_ENABLE_DEBUG_INFO = INCLUDE_SOURCE;
				MTL_FAST_MATH = YES;
				ONLY_ACTIVE_ARCH = YES;
				SDKROOT = iphoneos;
				SWIFT_ACTIVE_COMPILATION_CONDITIONS = DEBUG;
				SWIFT_OPTIMIZATION_LEVEL = "-Onone";
			};
			name = Debug;
		};
		2207360A2DCFB08700B29459 /* Release */ = {
			isa = XCBuildConfiguration;
			buildSettings = {
				ALWAYS_SEARCH_USER_PATHS = NO;
				CLANG_ANALYZER_NONNULL = YES;
				CLANG_ANALYZER_NUMBER_OBJECT_CONVERSION = YES_AGGRESSIVE;
				CLANG_CXX_LANGUAGE_STANDARD = "gnu++20";
				CLANG_ENABLE_MODULES = YES;
				CLANG_ENABLE_OBJC_ARC = YES;
				CLANG_ENABLE_OBJC_WEAK = YES;
				CLANG_WARN_BLOCK_CAPTURE_AUTORELEASING = YES;
				CLANG_WARN_BOOL_CONVERSION = YES;
				CLANG_WARN_COMMA = YES;
				CLANG_WARN_CONSTANT_CONVERSION = YES;
				CLANG_WARN_DEPRECATED_OBJC_IMPLEMENTATIONS = YES;
				CLANG_WARN_DIRECT_OBJC_ISA_USAGE = YES_ERROR;
				CLANG_WARN_DOCUMENTATION_COMMENTS = YES;
				CLANG_WARN_EMPTY_BODY = YES;
				CLANG_WARN_ENUM_CONVERSION = YES;
				CLANG_WARN_INFINITE_RECURSION = YES;
				CLANG_WARN_INT_CONVERSION = YES;
				CLANG_WARN_NON_LITERAL_NULL_CONVERSION = YES;
				CLANG_WARN_OBJC_IMPLICIT_RETAIN_SELF = YES;
				CLANG_WARN_OBJC_LITERAL_CONVERSION = YES;
				CLANG_WARN_OBJC_ROOT_CLASS = YES_ERROR;
				CLANG_WARN_QUOTED_INCLUDE_IN_FRAMEWORK_HEADER = YES;
				CLANG_WARN_RANGE_LOOP_ANALYSIS = YES;
				CLANG_WARN_STRICT_PROTOTYPES = YES;
				CLANG_WARN_SUSPICIOUS_MOVE = YES;
				CLANG_WARN_UNGUARDED_AVAILABILITY = YES_AGGRESSIVE;
				CLANG_WARN_UNREACHABLE_CODE = YES;
				CLANG_WARN__DUPLICATE_METHOD_MATCH = YES;
				COPY_PHASE_STRIP = NO;
				DEBUG_INFORMATION_FORMAT = "dwarf-with-dsym";
				ENABLE_NS_ASSERTIONS = NO;
				ENABLE_STRICT_OBJC_MSGSEND = YES;
				GCC_C_LANGUAGE_STANDARD = gnu11;
				GCC_NO_COMMON_BLOCKS = YES;
				GCC_WARN_64_TO_32_BIT_CONVERSION = YES;
				GCC_WARN_ABOUT_RETURN_TYPE = YES_ERROR;
				GCC_WARN_UNDECLARED_SELECTOR = YES;
				GCC_WARN_UNINITIALIZED_AUTOS = YES_AGGRESSIVE;
				GCC_WARN_UNUSED_FUNCTION = YES;
				GCC_WARN_UNUSED_VARIABLE = YES;
				IPHONEOS_DEPLOYMENT_TARGET = 16.2;
				MTL_ENABLE_DEBUG_INFO = NO;
				MTL_FAST_MATH = YES;
				SDKROOT = iphoneos;
				SWIFT_COMPILATION_MODE = wholemodule;
				SWIFT_OPTIMIZATION_LEVEL = "-O";
				VALIDATE_PRODUCT = YES;
			};
			name = Release;
		};
		2207360C2DCFB08700B29459 /* Debug */ = {
			isa = XCBuildConfiguration;
			buildSettings = {
				ASSETCATALOG_COMPILER_APPICON_NAME = AppIcon;
				ASSETCATALOG_COMPILER_GLOBAL_ACCENT_COLOR_NAME = AccentColor;
				CODE_SIGN_STYLE = Automatic;
				CURRENT_PROJECT_VERSION = 1;
				GENERATE_INFOPLIST_FILE = YES;
				INFOPLIST_FILE = Sports/Info.plist;
				INFOPLIST_KEY_UIApplicationSupportsIndirectInputEvents = YES;
				INFOPLIST_KEY_UILaunchStoryboardName = LaunchScreen;
				INFOPLIST_KEY_UIMainStoryboardFile = Main;
				INFOPLIST_KEY_UISupportedInterfaceOrientations_iPad = "UIInterfaceOrientationPortrait UIInterfaceOrientationPortraitUpsideDown UIInterfaceOrientationLandscapeLeft UIInterfaceOrientationLandscapeRight";
				INFOPLIST_KEY_UISupportedInterfaceOrientations_iPhone = "UIInterfaceOrientationPortrait UIInterfaceOrientationLandscapeLeft UIInterfaceOrientationLandscapeRight";
				LD_RUNPATH_SEARCH_PATHS = (
					"$(inherited)",
					"@executable_path/Frameworks",
				);
				MARKETING_VERSION = 1.0;
				PRODUCT_BUNDLE_IDENTIFIER = iti.Sports;
				PRODUCT_NAME = "$(TARGET_NAME)";
				SWIFT_EMIT_LOC_STRINGS = YES;
				SWIFT_VERSION = 5.0;
				TARGETED_DEVICE_FAMILY = "1,2";
			};
			name = Debug;
		};
		2207360D2DCFB08700B29459 /* Release */ = {
			isa = XCBuildConfiguration;
			buildSettings = {
				ASSETCATALOG_COMPILER_APPICON_NAME = AppIcon;
				ASSETCATALOG_COMPILER_GLOBAL_ACCENT_COLOR_NAME = AccentColor;
				CODE_SIGN_STYLE = Automatic;
				CURRENT_PROJECT_VERSION = 1;
				GENERATE_INFOPLIST_FILE = YES;
				INFOPLIST_FILE = Sports/Info.plist;
				INFOPLIST_KEY_UIApplicationSupportsIndirectInputEvents = YES;
				INFOPLIST_KEY_UILaunchStoryboardName = LaunchScreen;
				INFOPLIST_KEY_UIMainStoryboardFile = Main;
				INFOPLIST_KEY_UISupportedInterfaceOrientations_iPad = "UIInterfaceOrientationPortrait UIInterfaceOrientationPortraitUpsideDown UIInterfaceOrientationLandscapeLeft UIInterfaceOrientationLandscapeRight";
				INFOPLIST_KEY_UISupportedInterfaceOrientations_iPhone = "UIInterfaceOrientationPortrait UIInterfaceOrientationLandscapeLeft UIInterfaceOrientationLandscapeRight";
				LD_RUNPATH_SEARCH_PATHS = (
					"$(inherited)",
					"@executable_path/Frameworks",
				);
				MARKETING_VERSION = 1.0;
				PRODUCT_BUNDLE_IDENTIFIER = iti.Sports;
				PRODUCT_NAME = "$(TARGET_NAME)";
				SWIFT_EMIT_LOC_STRINGS = YES;
				SWIFT_VERSION = 5.0;
				TARGETED_DEVICE_FAMILY = "1,2";
			};
			name = Release;
		};
		2207360F2DCFB08700B29459 /* Debug */ = {
			isa = XCBuildConfiguration;
			buildSettings = {
				ALWAYS_EMBED_SWIFT_STANDARD_LIBRARIES = YES;
				BUNDLE_LOADER = "$(TEST_HOST)";
				CODE_SIGN_STYLE = Automatic;
				CURRENT_PROJECT_VERSION = 1;
				GENERATE_INFOPLIST_FILE = YES;
				IPHONEOS_DEPLOYMENT_TARGET = 16.2;
				MARKETING_VERSION = 1.0;
				PRODUCT_BUNDLE_IDENTIFIER = iti.SportsTests;
				PRODUCT_NAME = "$(TARGET_NAME)";
				SWIFT_EMIT_LOC_STRINGS = NO;
				SWIFT_VERSION = 5.0;
				TARGETED_DEVICE_FAMILY = "1,2";
				TEST_HOST = "$(BUILT_PRODUCTS_DIR)/Sports.app/$(BUNDLE_EXECUTABLE_FOLDER_PATH)/Sports";
			};
			name = Debug;
		};
		220736102DCFB08700B29459 /* Release */ = {
			isa = XCBuildConfiguration;
			buildSettings = {
				ALWAYS_EMBED_SWIFT_STANDARD_LIBRARIES = YES;
				BUNDLE_LOADER = "$(TEST_HOST)";
				CODE_SIGN_STYLE = Automatic;
				CURRENT_PROJECT_VERSION = 1;
				GENERATE_INFOPLIST_FILE = YES;
				IPHONEOS_DEPLOYMENT_TARGET = 16.2;
				MARKETING_VERSION = 1.0;
				PRODUCT_BUNDLE_IDENTIFIER = iti.SportsTests;
				PRODUCT_NAME = "$(TARGET_NAME)";
				SWIFT_EMIT_LOC_STRINGS = NO;
				SWIFT_VERSION = 5.0;
				TARGETED_DEVICE_FAMILY = "1,2";
				TEST_HOST = "$(BUILT_PRODUCTS_DIR)/Sports.app/$(BUNDLE_EXECUTABLE_FOLDER_PATH)/Sports";
			};
			name = Release;
		};
		220736122DCFB08700B29459 /* Debug */ = {
			isa = XCBuildConfiguration;
			buildSettings = {
				ALWAYS_EMBED_SWIFT_STANDARD_LIBRARIES = YES;
				CODE_SIGN_STYLE = Automatic;
				CURRENT_PROJECT_VERSION = 1;
				GENERATE_INFOPLIST_FILE = YES;
				MARKETING_VERSION = 1.0;
				PRODUCT_BUNDLE_IDENTIFIER = iti.SportsUITests;
				PRODUCT_NAME = "$(TARGET_NAME)";
				SWIFT_EMIT_LOC_STRINGS = NO;
				SWIFT_VERSION = 5.0;
				TARGETED_DEVICE_FAMILY = "1,2";
				TEST_TARGET_NAME = Sports;
			};
			name = Debug;
		};
		220736132DCFB08700B29459 /* Release */ = {
			isa = XCBuildConfiguration;
			buildSettings = {
				ALWAYS_EMBED_SWIFT_STANDARD_LIBRARIES = YES;
				CODE_SIGN_STYLE = Automatic;
				CURRENT_PROJECT_VERSION = 1;
				GENERATE_INFOPLIST_FILE = YES;
				MARKETING_VERSION = 1.0;
				PRODUCT_BUNDLE_IDENTIFIER = iti.SportsUITests;
				PRODUCT_NAME = "$(TARGET_NAME)";
				SWIFT_EMIT_LOC_STRINGS = NO;
				SWIFT_VERSION = 5.0;
				TARGETED_DEVICE_FAMILY = "1,2";
				TEST_TARGET_NAME = Sports;
			};
			name = Release;
		};
/* End XCBuildConfiguration section */

/* Begin XCConfigurationList section */
		220735D92DCFB08600B29459 /* Build configuration list for PBXProject "Sports" */ = {
			isa = XCConfigurationList;
			buildConfigurations = (
				220736092DCFB08700B29459 /* Debug */,
				2207360A2DCFB08700B29459 /* Release */,
			);
			defaultConfigurationIsVisible = 0;
			defaultConfigurationName = Release;
		};
		2207360B2DCFB08700B29459 /* Build configuration list for PBXNativeTarget "Sports" */ = {
			isa = XCConfigurationList;
			buildConfigurations = (
				2207360C2DCFB08700B29459 /* Debug */,
				2207360D2DCFB08700B29459 /* Release */,
			);
			defaultConfigurationIsVisible = 0;
			defaultConfigurationName = Release;
		};
		2207360E2DCFB08700B29459 /* Build configuration list for PBXNativeTarget "SportsTests" */ = {
			isa = XCConfigurationList;
			buildConfigurations = (
				2207360F2DCFB08700B29459 /* Debug */,
				220736102DCFB08700B29459 /* Release */,
			);
			defaultConfigurationIsVisible = 0;
			defaultConfigurationName = Release;
		};
		220736112DCFB08700B29459 /* Build configuration list for PBXNativeTarget "SportsUITests" */ = {
			isa = XCConfigurationList;
			buildConfigurations = (
				220736122DCFB08700B29459 /* Debug */,
				220736132DCFB08700B29459 /* Release */,
			);
			defaultConfigurationIsVisible = 0;
			defaultConfigurationName = Release;
		};
/* End XCConfigurationList section */

/* Begin XCRemoteSwiftPackageReference section */
		22C8A3FB2DD3C182000E5545 /* XCRemoteSwiftPackageReference "Alamofire" */ = {
			isa = XCRemoteSwiftPackageReference;
			repositoryURL = "https://github.com/Alamofire/Alamofire";
			requirement = {
				kind = upToNextMajorVersion;
				minimumVersion = 5.0.0;
			};
		};
		22C8A40B2DD3D10A000E5545 /* XCRemoteSwiftPackageReference "Kingfisher" */ = {
			isa = XCRemoteSwiftPackageReference;
			repositoryURL = "https://github.com/onevcat/Kingfisher.git";
			requirement = {
				kind = upToNextMajorVersion;
				minimumVersion = 6.0.0;
			};
		};
/* End XCRemoteSwiftPackageReference section */

/* Begin XCSwiftPackageProductDependency section */
		22C8A3FC2DD3C182000E5545 /* Alamofire */ = {
			isa = XCSwiftPackageProductDependency;
			package = 22C8A3FB2DD3C182000E5545 /* XCRemoteSwiftPackageReference "Alamofire" */;
			productName = Alamofire;
		};
		22C8A40C2DD3D10A000E5545 /* Kingfisher */ = {
			isa = XCSwiftPackageProductDependency;
			package = 22C8A40B2DD3D10A000E5545 /* XCRemoteSwiftPackageReference "Kingfisher" */;
			productName = Kingfisher;
		};
/* End XCSwiftPackageProductDependency section */
	};
	rootObject = 220735D62DCFB08600B29459 /* Project object */;
}
